// !$*UTF8*$!
{
	archiveVersion = 1;
	classes = {
	};
	objectVersion = 46;
	objects = {

/* Begin PBXBuildFile section */
		011DBDD61BD10EEE00B19231 /* MemberCenter.swift in Sources */ = {isa = PBXBuildFile; fileRef = 011DBDD51BD10EEE00B19231 /* MemberCenter.swift */; settings = {ASSET_TAGS = (); }; };
		016871BE1BB795C80060ADAD /* DetailImageCollectionViewController.m in Sources */ = {isa = PBXBuildFile; fileRef = 016871BD1BB795C80060ADAD /* DetailImageCollectionViewController.m */; settings = {ASSET_TAGS = (); }; };
		016871C11BB79A970060ADAD /* UpLoadItemsViewController.swift in Sources */ = {isa = PBXBuildFile; fileRef = 016871C01BB79A970060ADAD /* UpLoadItemsViewController.swift */; settings = {ASSET_TAGS = (); }; };
		017E5F6B1BD1272700C55992 /* uialq.jpg in Resources */ = {isa = PBXBuildFile; fileRef = 017E5F6A1BD1272700C55992 /* uialq.jpg */; settings = {ASSET_TAGS = (); }; };
		017E5F6F1BD1280B00C55992 /* MarketViewController.m in Sources */ = {isa = PBXBuildFile; fileRef = 017E5F6E1BD1280B00C55992 /* MarketViewController.m */; settings = {ASSET_TAGS = (); }; };
		019215961BB685E200D6D324 /* RecommendItemsCollectionViewCell.m in Sources */ = {isa = PBXBuildFile; fileRef = 019215951BB685E200D6D324 /* RecommendItemsCollectionViewCell.m */; settings = {ASSET_TAGS = (); }; };
		019215991BB6860500D6D324 /* MoreItemsCollectionViewCell.m in Sources */ = {isa = PBXBuildFile; fileRef = 019215981BB6860500D6D324 /* MoreItemsCollectionViewCell.m */; settings = {ASSET_TAGS = (); }; };
		01BDD5431BC7F4AD0061ACDA /* UpLoadPictureBtnCollectionViewCell.swift in Sources */ = {isa = PBXBuildFile; fileRef = 01BDD5421BC7F4AD0061ACDA /* UpLoadPictureBtnCollectionViewCell.swift */; settings = {ASSET_TAGS = (); }; };
		01BDD5451BC7F6100061ACDA /* UpLoadPicCollectionViewCell.swift in Sources */ = {isa = PBXBuildFile; fileRef = 01BDD5441BC7F6100061ACDA /* UpLoadPicCollectionViewCell.swift */; settings = {ASSET_TAGS = (); }; };
		2A12CD361B5A1F1100A4AC04 /* chatIcon_black@2x.png in Resources */ = {isa = PBXBuildFile; fileRef = 2A12CD351B5A1F1100A4AC04 /* chatIcon_black@2x.png */; };
		2A12CD381B5A1F2500A4AC04 /* chatIcon_black@3x.png in Resources */ = {isa = PBXBuildFile; fileRef = 2A12CD371B5A1F2500A4AC04 /* chatIcon_black@3x.png */; };
		2A12CD3A1B5A1F5E00A4AC04 /* moreBarIcon_black@3x.png in Resources */ = {isa = PBXBuildFile; fileRef = 2A12CD391B5A1F5E00A4AC04 /* moreBarIcon_black@3x.png */; };
		2A12CD3C1B5A1F7800A4AC04 /* moreBarIcon_black@2x.png in Resources */ = {isa = PBXBuildFile; fileRef = 2A12CD3B1B5A1F7800A4AC04 /* moreBarIcon_black@2x.png */; };
		2A12CD3E1B5A1F9800A4AC04 /* moreBarIcon_black.png in Resources */ = {isa = PBXBuildFile; fileRef = 2A12CD3D1B5A1F9800A4AC04 /* moreBarIcon_black.png */; };
		2A33B6371B665F7400535FE4 /* ShopLastTableViewController.m in Sources */ = {isa = PBXBuildFile; fileRef = 2A33B6361B665F7400535FE4 /* ShopLastTableViewController.m */; };
		2A33B63A1B665FA800535FE4 /* ShopListTableViewCell.m in Sources */ = {isa = PBXBuildFile; fileRef = 2A33B6391B665FA800535FE4 /* ShopListTableViewCell.m */; };
		2A33B63C1B66639A00535FE4 /* manModel.jpg in Resources */ = {isa = PBXBuildFile; fileRef = 2A33B63B1B66639A00535FE4 /* manModel.jpg */; };
		2A56CA021B6FAE7E00C8E3DC /* PersonProfileViewController.m in Sources */ = {isa = PBXBuildFile; fileRef = 2A56CA011B6FAE7E00C8E3DC /* PersonProfileViewController.m */; };
		2A56CA091B6FB0B600C8E3DC /* camera@3x.png in Resources */ = {isa = PBXBuildFile; fileRef = 2A56CA081B6FB0B600C8E3DC /* camera@3x.png */; };
		2A56CA0B1B6FB0BE00C8E3DC /* camera@2x.png in Resources */ = {isa = PBXBuildFile; fileRef = 2A56CA0A1B6FB0BE00C8E3DC /* camera@2x.png */; };
		2A56CA0D1B6FB0C500C8E3DC /* camera.png in Resources */ = {isa = PBXBuildFile; fileRef = 2A56CA0C1B6FB0C500C8E3DC /* camera.png */; };
		2A56CA0F1B6FB26400C8E3DC /* home@3x.png in Resources */ = {isa = PBXBuildFile; fileRef = 2A56CA0E1B6FB26400C8E3DC /* home@3x.png */; };
		2A56CA111B6FB27400C8E3DC /* home@2x.png in Resources */ = {isa = PBXBuildFile; fileRef = 2A56CA101B6FB27400C8E3DC /* home@2x.png */; };
		2A56CA131B6FB27C00C8E3DC /* home.png in Resources */ = {isa = PBXBuildFile; fileRef = 2A56CA121B6FB27C00C8E3DC /* home.png */; };
		2A6BC4AB1B58DBC600401B06 /* MLNavigationController.m in Sources */ = {isa = PBXBuildFile; fileRef = 2A6BC4AA1B58DBC600401B06 /* MLNavigationController.m */; };
		2A6BC4B21B58DC3D00401B06 /* MLTabBarViewController.m in Sources */ = {isa = PBXBuildFile; fileRef = 2A6BC4B11B58DC3D00401B06 /* MLTabBarViewController.m */; };
		2A6BC5051B58F5FF00401B06 /* tab1.png in Resources */ = {isa = PBXBuildFile; fileRef = 2A6BC4ED1B58F5FF00401B06 /* tab1.png */; };
		2A6BC5061B58F5FF00401B06 /* tab1@2x.png in Resources */ = {isa = PBXBuildFile; fileRef = 2A6BC4EE1B58F5FF00401B06 /* tab1@2x.png */; };
		2A6BC5071B58F5FF00401B06 /* tab1@3x.png in Resources */ = {isa = PBXBuildFile; fileRef = 2A6BC4EF1B58F5FF00401B06 /* tab1@3x.png */; };
		2A6BC5081B58F5FF00401B06 /* tab1_unshoot.png in Resources */ = {isa = PBXBuildFile; fileRef = 2A6BC4F01B58F5FF00401B06 /* tab1_unshoot.png */; };
		2A6BC5091B58F5FF00401B06 /* tab1_unshoot@2x.png in Resources */ = {isa = PBXBuildFile; fileRef = 2A6BC4F11B58F5FF00401B06 /* tab1_unshoot@2x.png */; };
		2A6BC50A1B58F5FF00401B06 /* tab1_unshoot@3x.png in Resources */ = {isa = PBXBuildFile; fileRef = 2A6BC4F21B58F5FF00401B06 /* tab1_unshoot@3x.png */; };
		2A6BC50B1B58F5FF00401B06 /* tab2.png in Resources */ = {isa = PBXBuildFile; fileRef = 2A6BC4F31B58F5FF00401B06 /* tab2.png */; };
		2A6BC50C1B58F5FF00401B06 /* tab2@2x.png in Resources */ = {isa = PBXBuildFile; fileRef = 2A6BC4F41B58F5FF00401B06 /* tab2@2x.png */; };
		2A6BC50D1B58F5FF00401B06 /* tab2@3x.png in Resources */ = {isa = PBXBuildFile; fileRef = 2A6BC4F51B58F5FF00401B06 /* tab2@3x.png */; };
		2A6BC50E1B58F5FF00401B06 /* tab2_unshoot.png in Resources */ = {isa = PBXBuildFile; fileRef = 2A6BC4F61B58F5FF00401B06 /* tab2_unshoot.png */; };
		2A6BC50F1B58F5FF00401B06 /* tab2_unshoot@2x.png in Resources */ = {isa = PBXBuildFile; fileRef = 2A6BC4F71B58F5FF00401B06 /* tab2_unshoot@2x.png */; };
		2A6BC5101B58F5FF00401B06 /* tab2_unshoot@3x.png in Resources */ = {isa = PBXBuildFile; fileRef = 2A6BC4F81B58F5FF00401B06 /* tab2_unshoot@3x.png */; };
		2A6BC5111B58F5FF00401B06 /* tab3.png in Resources */ = {isa = PBXBuildFile; fileRef = 2A6BC4F91B58F5FF00401B06 /* tab3.png */; };
		2A6BC5121B58F5FF00401B06 /* tab3@2x.png in Resources */ = {isa = PBXBuildFile; fileRef = 2A6BC4FA1B58F5FF00401B06 /* tab3@2x.png */; };
		2A6BC5131B58F5FF00401B06 /* tab3@3x.png in Resources */ = {isa = PBXBuildFile; fileRef = 2A6BC4FB1B58F5FF00401B06 /* tab3@3x.png */; };
		2A6BC5141B58F5FF00401B06 /* tab3_unshoot.png in Resources */ = {isa = PBXBuildFile; fileRef = 2A6BC4FC1B58F5FF00401B06 /* tab3_unshoot.png */; };
		2A6BC5151B58F5FF00401B06 /* tab3_unshoot@2x.png in Resources */ = {isa = PBXBuildFile; fileRef = 2A6BC4FD1B58F5FF00401B06 /* tab3_unshoot@2x.png */; };
		2A6BC5161B58F5FF00401B06 /* tab3_unshoot@3x.png in Resources */ = {isa = PBXBuildFile; fileRef = 2A6BC4FE1B58F5FF00401B06 /* tab3_unshoot@3x.png */; };
		2A6BC5171B58F5FF00401B06 /* tab4.png in Resources */ = {isa = PBXBuildFile; fileRef = 2A6BC4FF1B58F5FF00401B06 /* tab4.png */; };
		2A6BC5181B58F5FF00401B06 /* tab4@2x.png in Resources */ = {isa = PBXBuildFile; fileRef = 2A6BC5001B58F5FF00401B06 /* tab4@2x.png */; };
		2A6BC5191B58F5FF00401B06 /* tab4@3x.png in Resources */ = {isa = PBXBuildFile; fileRef = 2A6BC5011B58F5FF00401B06 /* tab4@3x.png */; };
		2A6BC51A1B58F5FF00401B06 /* tab4_unshoot.png in Resources */ = {isa = PBXBuildFile; fileRef = 2A6BC5021B58F5FF00401B06 /* tab4_unshoot.png */; };
		2A6BC51B1B58F5FF00401B06 /* tab4_unshoot@2x.png in Resources */ = {isa = PBXBuildFile; fileRef = 2A6BC5031B58F5FF00401B06 /* tab4_unshoot@2x.png */; };
		2A6BC51C1B58F5FF00401B06 /* tab4_unshoot@3x.png in Resources */ = {isa = PBXBuildFile; fileRef = 2A6BC5041B58F5FF00401B06 /* tab4_unshoot@3x.png */; };
		2A6BC5231B59006B00401B06 /* MLShopViewController.m in Sources */ = {isa = PBXBuildFile; fileRef = 2A6BC5221B59006B00401B06 /* MLShopViewController.m */; };
		2A6BC5251B59182F00401B06 /* chatIcon_black.png in Resources */ = {isa = PBXBuildFile; fileRef = 2A6BC5241B59182F00401B06 /* chatIcon_black.png */; };
		2A85DAD31B53F5CD008386B0 /* main.m in Sources */ = {isa = PBXBuildFile; fileRef = 2A85DAD21B53F5CD008386B0 /* main.m */; };
		2A85DAD61B53F5CD008386B0 /* AppDelegate.m in Sources */ = {isa = PBXBuildFile; fileRef = 2A85DAD51B53F5CD008386B0 /* AppDelegate.m */; };
		2A85DADC1B53F5CD008386B0 /* Main.storyboard in Resources */ = {isa = PBXBuildFile; fileRef = 2A85DADA1B53F5CD008386B0 /* Main.storyboard */; };
		2A85DADE1B53F5CD008386B0 /* Images.xcassets in Resources */ = {isa = PBXBuildFile; fileRef = 2A85DADD1B53F5CD008386B0 /* Images.xcassets */; };
		2A85DAE11B53F5CD008386B0 /* LaunchScreen.xib in Resources */ = {isa = PBXBuildFile; fileRef = 2A85DADF1B53F5CD008386B0 /* LaunchScreen.xib */; };
		2A85DAED1B53F5CD008386B0 /* ColorCloudZoneIOSProjectV1_0Tests.m in Sources */ = {isa = PBXBuildFile; fileRef = 2A85DAEC1B53F5CD008386B0 /* ColorCloudZoneIOSProjectV1_0Tests.m */; };
		2AACC6FE1B7641640065216C /* SelectedColorAndSizeViewController.m in Sources */ = {isa = PBXBuildFile; fileRef = 2AACC6FC1B7641640065216C /* SelectedColorAndSizeViewController.m */; };
		2AACC6FF1B7641640065216C /* SelectedColorAndSizeViewController.xib in Resources */ = {isa = PBXBuildFile; fileRef = 2AACC6FD1B7641640065216C /* SelectedColorAndSizeViewController.xib */; };
		2AACC7011B7645A70065216C /* arrowUpsideDown@3x.png in Resources */ = {isa = PBXBuildFile; fileRef = 2AACC7001B7645A70065216C /* arrowUpsideDown@3x.png */; };
		2AACC7031B7645AE0065216C /* arrowUpsideDown@2x.png in Resources */ = {isa = PBXBuildFile; fileRef = 2AACC7021B7645AE0065216C /* arrowUpsideDown@2x.png */; };
		2AACC7051B7645B50065216C /* arrowUpsideDown.png in Resources */ = {isa = PBXBuildFile; fileRef = 2AACC7041B7645B50065216C /* arrowUpsideDown.png */; };
		2AACC7071B764F230065216C /* phone.png in Resources */ = {isa = PBXBuildFile; fileRef = 2AACC7061B764F230065216C /* phone.png */; };
		2AACC7091B764F300065216C /* phone@2x.png in Resources */ = {isa = PBXBuildFile; fileRef = 2AACC7081B764F300065216C /* phone@2x.png */; };
		2AACC70B1B764F440065216C /* phone@3x.png in Resources */ = {isa = PBXBuildFile; fileRef = 2AACC70A1B764F440065216C /* phone@3x.png */; };
		2ABBB1161B7250C700DA2A9A /* GoodDetailViewController.m in Sources */ = {isa = PBXBuildFile; fileRef = 2ABBB1151B7250C700DA2A9A /* GoodDetailViewController.m */; };
		2ABFC8E31B5E7737009D64E1 /* MLShopContainViewController.m in Sources */ = {isa = PBXBuildFile; fileRef = 2ABFC8E21B5E7737009D64E1 /* MLShopContainViewController.m */; };
		2ABFC8EA1B5E7744009D64E1 /* CustomSelectionBarView.m in Sources */ = {isa = PBXBuildFile; fileRef = 2ABFC8E51B5E7744009D64E1 /* CustomSelectionBarView.m */; };
		2ABFC8EB1B5E7744009D64E1 /* CustomSelectionBarView.xib in Resources */ = {isa = PBXBuildFile; fileRef = 2ABFC8E61B5E7744009D64E1 /* CustomSelectionBarView.xib */; };
		2ABFC8EC1B5E7744009D64E1 /* ShopContentCollectionViewCell.m in Sources */ = {isa = PBXBuildFile; fileRef = 2ABFC8E81B5E7744009D64E1 /* ShopContentCollectionViewCell.m */; };
		2ABFC8EF1B5E7AE5009D64E1 /* placeholderForCell.jpg in Resources */ = {isa = PBXBuildFile; fileRef = 2ABFC8EE1B5E7AE5009D64E1 /* placeholderForCell.jpg */; };
		2AD3E8C61B80233500B2264B /* LoginViewController.m in Sources */ = {isa = PBXBuildFile; fileRef = 2AD3E8C51B80233500B2264B /* LoginViewController.m */; };
		2AD3E8CA1B80252300B2264B /* ViewWithBorder.m in Sources */ = {isa = PBXBuildFile; fileRef = 2AD3E8C91B80252300B2264B /* ViewWithBorder.m */; };
		2AD3E8CD1B802B5500B2264B /* CompanyProfileViewController.m in Sources */ = {isa = PBXBuildFile; fileRef = 2AD3E8CC1B802B5500B2264B /* CompanyProfileViewController.m */; };
		2AD3E8D01B802C4E00B2264B /* pwdIcon@3x.png in Resources */ = {isa = PBXBuildFile; fileRef = 2AD3E8CF1B802C4E00B2264B /* pwdIcon@3x.png */; };
		2AD3E8D21B802C5700B2264B /* pwdIcon@2x.png in Resources */ = {isa = PBXBuildFile; fileRef = 2AD3E8D11B802C5700B2264B /* pwdIcon@2x.png */; };
		2AD3E8D41B802C6100B2264B /* pwdIcon.png in Resources */ = {isa = PBXBuildFile; fileRef = 2AD3E8D31B802C6100B2264B /* pwdIcon.png */; };
		2AD3E8DB1B80313E00B2264B /* AddMemberShipViewController.m in Sources */ = {isa = PBXBuildFile; fileRef = 2AD3E8DA1B80313E00B2264B /* AddMemberShipViewController.m */; };
		2AD3E8DE1B80395E00B2264B /* MemerShipViewController.m in Sources */ = {isa = PBXBuildFile; fileRef = 2AD3E8DD1B80395E00B2264B /* MemerShipViewController.m */; };
		2AD3E8E21B803EBC00B2264B /* MemberCommonCollectionViewCell.m in Sources */ = {isa = PBXBuildFile; fileRef = 2AD3E8E11B803EBC00B2264B /* MemberCommonCollectionViewCell.m */; };
		2AD3E8E61B803EED00B2264B /* AddMemberCollectionViewCell.m in Sources */ = {isa = PBXBuildFile; fileRef = 2AD3E8E51B803EED00B2264B /* AddMemberCollectionViewCell.m */; };
		2AD3E8E81B803F1900B2264B /* add@3x.png in Resources */ = {isa = PBXBuildFile; fileRef = 2AD3E8E71B803F1900B2264B /* add@3x.png */; };
		2AD3E8EA1B803F2300B2264B /* add@2x.png in Resources */ = {isa = PBXBuildFile; fileRef = 2AD3E8E91B803F2300B2264B /* add@2x.png */; };
		2AD3E8EC1B803F2A00B2264B /* add.png in Resources */ = {isa = PBXBuildFile; fileRef = 2AD3E8EB1B803F2A00B2264B /* add.png */; };
		2ADC6FB91B70EADD003121E9 /* location.png in Resources */ = {isa = PBXBuildFile; fileRef = 2ADC6FB81B70EADD003121E9 /* location.png */; };
		2ADE53721B88CA1E00E80AD5 /* ForgetPwdViewController.m in Sources */ = {isa = PBXBuildFile; fileRef = 2ADE53701B88CA1E00E80AD5 /* ForgetPwdViewController.m */; };
		2ADE537D1B88D76700E80AD5 /* MySettingsTableViewController.m in Sources */ = {isa = PBXBuildFile; fileRef = 2ADE537C1B88D76700E80AD5 /* MySettingsTableViewController.m */; };
		2ADE53811B8968F000E80AD5 /* ComSettingsTableViewController.m in Sources */ = {isa = PBXBuildFile; fileRef = 2ADE53801B8968F000E80AD5 /* ComSettingsTableViewController.m */; };
		2ADE53831B8969DA00E80AD5 /* shoppingcart@2x.png in Resources */ = {isa = PBXBuildFile; fileRef = 2ADE53821B8969DA00E80AD5 /* shoppingcart@2x.png */; };
		2ADE53851B8969E300E80AD5 /* folder@2x.png in Resources */ = {isa = PBXBuildFile; fileRef = 2ADE53841B8969E300E80AD5 /* folder@2x.png */; };
		2ADE53871B8969F100E80AD5 /* shoppingcart@3x.png in Resources */ = {isa = PBXBuildFile; fileRef = 2ADE53861B8969F100E80AD5 /* shoppingcart@3x.png */; };
		2ADE53891B896A0300E80AD5 /* folder@3x.png in Resources */ = {isa = PBXBuildFile; fileRef = 2ADE53881B896A0300E80AD5 /* folder@3x.png */; };
		2ADE538C1B896AA300E80AD5 /* MyFolloweeViewController.m in Sources */ = {isa = PBXBuildFile; fileRef = 2ADE538B1B896AA300E80AD5 /* MyFolloweeViewController.m */; };
		2ADE53901B896D7C00E80AD5 /* FolloweeTableViewCell.m in Sources */ = {isa = PBXBuildFile; fileRef = 2ADE538F1B896D7C00E80AD5 /* FolloweeTableViewCell.m */; };
		2AFEDEEF1B60CFF100268332 /* heart.png in Resources */ = {isa = PBXBuildFile; fileRef = 2AFEDEEE1B60CFF100268332 /* heart.png */; };
		2AFEDEF11B60CFFA00268332 /* heart@2x.png in Resources */ = {isa = PBXBuildFile; fileRef = 2AFEDEF01B60CFFA00268332 /* heart@2x.png */; };
		2AFEDEF31B60D00800268332 /* heart@3x.png in Resources */ = {isa = PBXBuildFile; fileRef = 2AFEDEF21B60D00800268332 /* heart@3x.png */; };
		3BD9AD351B92D5E10048A0A3 /* RegisterViewController.m in Sources */ = {isa = PBXBuildFile; fileRef = 3BD9AD341B92D5E10048A0A3 /* RegisterViewController.m */; };
		3BD9AD391B92E2D70048A0A3 /* RegisterAfterViewController.m in Sources */ = {isa = PBXBuildFile; fileRef = 3BD9AD381B92E2D70048A0A3 /* RegisterAfterViewController.m */; };
		3BD9AD3D1B92EA640048A0A3 /* CALayer+GYBAddtion.m in Sources */ = {isa = PBXBuildFile; fileRef = 3BD9AD3C1B92EA640048A0A3 /* CALayer+GYBAddtion.m */; };
		3BD9AD401B92F02C0048A0A3 /* RequestSMSViewController.m in Sources */ = {isa = PBXBuildFile; fileRef = 3BD9AD3F1B92F02C0048A0A3 /* RequestSMSViewController.m */; };
		92019E41A28FB4A37AE5890A /* libPods-ColorCloudZoneIOSProjectV1.0.a in Frameworks */ = {isa = PBXBuildFile; fileRef = 6171E3128D8486A6B1B72696 /* libPods-ColorCloudZoneIOSProjectV1.0.a */; };
/* End PBXBuildFile section */

/* Begin PBXContainerItemProxy section */
		2A85DAE71B53F5CD008386B0 /* PBXContainerItemProxy */ = {
			isa = PBXContainerItemProxy;
			containerPortal = 2A85DAC51B53F5CD008386B0 /* Project object */;
			proxyType = 1;
			remoteGlobalIDString = 2A85DACC1B53F5CD008386B0;
			remoteInfo = ColorCloudZoneIOSProjectV1.0;
		};
/* End PBXContainerItemProxy section */

/* Begin PBXFileReference section */
		011DBDD51BD10EEE00B19231 /* MemberCenter.swift */ = {isa = PBXFileReference; fileEncoding = 4; lastKnownFileType = sourcecode.swift; path = MemberCenter.swift; sourceTree = "<group>"; };
		014574391BAEB85A00EC8CD1 /* ColorCloudZoneIOSProjectV1.0-Bridging-Header.h */ = {isa = PBXFileReference; lastKnownFileType = sourcecode.c.h; path = "ColorCloudZoneIOSProjectV1.0-Bridging-Header.h"; sourceTree = "<group>"; };
		016871BC1BB795C80060ADAD /* DetailImageCollectionViewController.h */ = {isa = PBXFileReference; fileEncoding = 4; lastKnownFileType = sourcecode.c.h; path = DetailImageCollectionViewController.h; sourceTree = "<group>"; };
		016871BD1BB795C80060ADAD /* DetailImageCollectionViewController.m */ = {isa = PBXFileReference; fileEncoding = 4; lastKnownFileType = sourcecode.c.objc; path = DetailImageCollectionViewController.m; sourceTree = "<group>"; };
		016871C01BB79A970060ADAD /* UpLoadItemsViewController.swift */ = {isa = PBXFileReference; fileEncoding = 4; lastKnownFileType = sourcecode.swift; path = UpLoadItemsViewController.swift; sourceTree = "<group>"; };
		017E5F6A1BD1272700C55992 /* uialq.jpg */ = {isa = PBXFileReference; lastKnownFileType = image.jpeg; path = uialq.jpg; sourceTree = "<group>"; };
		017E5F6D1BD1280B00C55992 /* MarketViewController.h */ = {isa = PBXFileReference; fileEncoding = 4; lastKnownFileType = sourcecode.c.h; path = MarketViewController.h; sourceTree = "<group>"; };
		017E5F6E1BD1280B00C55992 /* MarketViewController.m */ = {isa = PBXFileReference; fileEncoding = 4; lastKnownFileType = sourcecode.c.objc; path = MarketViewController.m; sourceTree = "<group>"; };
		019215941BB685E200D6D324 /* RecommendItemsCollectionViewCell.h */ = {isa = PBXFileReference; fileEncoding = 4; lastKnownFileType = sourcecode.c.h; path = RecommendItemsCollectionViewCell.h; sourceTree = "<group>"; };
		019215951BB685E200D6D324 /* RecommendItemsCollectionViewCell.m */ = {isa = PBXFileReference; fileEncoding = 4; lastKnownFileType = sourcecode.c.objc; path = RecommendItemsCollectionViewCell.m; sourceTree = "<group>"; };
		019215971BB6860500D6D324 /* MoreItemsCollectionViewCell.h */ = {isa = PBXFileReference; fileEncoding = 4; lastKnownFileType = sourcecode.c.h; path = MoreItemsCollectionViewCell.h; sourceTree = "<group>"; };
		019215981BB6860500D6D324 /* MoreItemsCollectionViewCell.m */ = {isa = PBXFileReference; fileEncoding = 4; lastKnownFileType = sourcecode.c.objc; path = MoreItemsCollectionViewCell.m; sourceTree = "<group>"; };
		01BDD5421BC7F4AD0061ACDA /* UpLoadPictureBtnCollectionViewCell.swift */ = {isa = PBXFileReference; fileEncoding = 4; lastKnownFileType = sourcecode.swift; path = UpLoadPictureBtnCollectionViewCell.swift; sourceTree = "<group>"; };
		01BDD5441BC7F6100061ACDA /* UpLoadPicCollectionViewCell.swift */ = {isa = PBXFileReference; fileEncoding = 4; lastKnownFileType = sourcecode.swift; path = UpLoadPicCollectionViewCell.swift; sourceTree = "<group>"; };
		26C06B7E4B329A7DF1078E2B /* Pods-ColorCloudZoneIOSProjectV1.0.release.xcconfig */ = {isa = PBXFileReference; includeInIndex = 1; lastKnownFileType = text.xcconfig; name = "Pods-ColorCloudZoneIOSProjectV1.0.release.xcconfig"; path = "Pods/Target Support Files/Pods-ColorCloudZoneIOSProjectV1.0/Pods-ColorCloudZoneIOSProjectV1.0.release.xcconfig"; sourceTree = "<group>"; };
		2A12CD351B5A1F1100A4AC04 /* chatIcon_black@2x.png */ = {isa = PBXFileReference; lastKnownFileType = image.png; path = "chatIcon_black@2x.png"; sourceTree = "<group>"; };
		2A12CD371B5A1F2500A4AC04 /* chatIcon_black@3x.png */ = {isa = PBXFileReference; lastKnownFileType = image.png; path = "chatIcon_black@3x.png"; sourceTree = "<group>"; };
		2A12CD391B5A1F5E00A4AC04 /* moreBarIcon_black@3x.png */ = {isa = PBXFileReference; lastKnownFileType = image.png; path = "moreBarIcon_black@3x.png"; sourceTree = "<group>"; };
		2A12CD3B1B5A1F7800A4AC04 /* moreBarIcon_black@2x.png */ = {isa = PBXFileReference; lastKnownFileType = image.png; path = "moreBarIcon_black@2x.png"; sourceTree = "<group>"; };
		2A12CD3D1B5A1F9800A4AC04 /* moreBarIcon_black.png */ = {isa = PBXFileReference; lastKnownFileType = image.png; path = moreBarIcon_black.png; sourceTree = "<group>"; };
		2A33B6351B665F7400535FE4 /* ShopLastTableViewController.h */ = {isa = PBXFileReference; fileEncoding = 4; lastKnownFileType = sourcecode.c.h; path = ShopLastTableViewController.h; sourceTree = "<group>"; };
		2A33B6361B665F7400535FE4 /* ShopLastTableViewController.m */ = {isa = PBXFileReference; fileEncoding = 4; lastKnownFileType = sourcecode.c.objc; path = ShopLastTableViewController.m; sourceTree = "<group>"; };
		2A33B6381B665FA800535FE4 /* ShopListTableViewCell.h */ = {isa = PBXFileReference; fileEncoding = 4; lastKnownFileType = sourcecode.c.h; path = ShopListTableViewCell.h; sourceTree = "<group>"; };
		2A33B6391B665FA800535FE4 /* ShopListTableViewCell.m */ = {isa = PBXFileReference; fileEncoding = 4; lastKnownFileType = sourcecode.c.objc; path = ShopListTableViewCell.m; sourceTree = "<group>"; };
		2A33B63B1B66639A00535FE4 /* manModel.jpg */ = {isa = PBXFileReference; lastKnownFileType = image.jpeg; path = manModel.jpg; sourceTree = "<group>"; };
		2A56CA001B6FAE7E00C8E3DC /* PersonProfileViewController.h */ = {isa = PBXFileReference; fileEncoding = 4; lastKnownFileType = sourcecode.c.h; name = PersonProfileViewController.h; path = PersonProfileVC/PersonProfileViewController.h; sourceTree = "<group>"; };
		2A56CA011B6FAE7E00C8E3DC /* PersonProfileViewController.m */ = {isa = PBXFileReference; fileEncoding = 4; lastKnownFileType = sourcecode.c.objc; name = PersonProfileViewController.m; path = PersonProfileVC/PersonProfileViewController.m; sourceTree = "<group>"; };
		2A56CA081B6FB0B600C8E3DC /* camera@3x.png */ = {isa = PBXFileReference; lastKnownFileType = image.png; path = "camera@3x.png"; sourceTree = "<group>"; };
		2A56CA0A1B6FB0BE00C8E3DC /* camera@2x.png */ = {isa = PBXFileReference; lastKnownFileType = image.png; path = "camera@2x.png"; sourceTree = "<group>"; };
		2A56CA0C1B6FB0C500C8E3DC /* camera.png */ = {isa = PBXFileReference; lastKnownFileType = image.png; path = camera.png; sourceTree = "<group>"; };
		2A56CA0E1B6FB26400C8E3DC /* home@3x.png */ = {isa = PBXFileReference; lastKnownFileType = image.png; path = "home@3x.png"; sourceTree = "<group>"; };
		2A56CA101B6FB27400C8E3DC /* home@2x.png */ = {isa = PBXFileReference; lastKnownFileType = image.png; path = "home@2x.png"; sourceTree = "<group>"; };
		2A56CA121B6FB27C00C8E3DC /* home.png */ = {isa = PBXFileReference; lastKnownFileType = image.png; path = home.png; sourceTree = "<group>"; };
		2A6BC4A91B58DBC600401B06 /* MLNavigationController.h */ = {isa = PBXFileReference; fileEncoding = 4; lastKnownFileType = sourcecode.c.h; name = MLNavigationController.h; path = MLNavi/MLNavigationController.h; sourceTree = "<group>"; };
		2A6BC4AA1B58DBC600401B06 /* MLNavigationController.m */ = {isa = PBXFileReference; fileEncoding = 4; lastKnownFileType = sourcecode.c.objc; name = MLNavigationController.m; path = MLNavi/MLNavigationController.m; sourceTree = "<group>"; };
		2A6BC4B01B58DC3D00401B06 /* MLTabBarViewController.h */ = {isa = PBXFileReference; fileEncoding = 4; lastKnownFileType = sourcecode.c.h; name = MLTabBarViewController.h; path = MLTabBar/MLTabBarViewController.h; sourceTree = "<group>"; };
		2A6BC4B11B58DC3D00401B06 /* MLTabBarViewController.m */ = {isa = PBXFileReference; fileEncoding = 4; lastKnownFileType = sourcecode.c.objc; name = MLTabBarViewController.m; path = MLTabBar/MLTabBarViewController.m; sourceTree = "<group>"; };
		2A6BC4B41B58E8D800401B06 /* marcoHeader.h */ = {isa = PBXFileReference; fileEncoding = 4; lastKnownFileType = sourcecode.c.h; path = marcoHeader.h; sourceTree = "<group>"; };
		2A6BC4ED1B58F5FF00401B06 /* tab1.png */ = {isa = PBXFileReference; lastKnownFileType = image.png; path = tab1.png; sourceTree = "<group>"; };
		2A6BC4EE1B58F5FF00401B06 /* tab1@2x.png */ = {isa = PBXFileReference; lastKnownFileType = image.png; path = "tab1@2x.png"; sourceTree = "<group>"; };
		2A6BC4EF1B58F5FF00401B06 /* tab1@3x.png */ = {isa = PBXFileReference; lastKnownFileType = image.png; path = "tab1@3x.png"; sourceTree = "<group>"; };
		2A6BC4F01B58F5FF00401B06 /* tab1_unshoot.png */ = {isa = PBXFileReference; lastKnownFileType = image.png; path = tab1_unshoot.png; sourceTree = "<group>"; };
		2A6BC4F11B58F5FF00401B06 /* tab1_unshoot@2x.png */ = {isa = PBXFileReference; lastKnownFileType = image.png; path = "tab1_unshoot@2x.png"; sourceTree = "<group>"; };
		2A6BC4F21B58F5FF00401B06 /* tab1_unshoot@3x.png */ = {isa = PBXFileReference; lastKnownFileType = image.png; path = "tab1_unshoot@3x.png"; sourceTree = "<group>"; };
		2A6BC4F31B58F5FF00401B06 /* tab2.png */ = {isa = PBXFileReference; lastKnownFileType = image.png; path = tab2.png; sourceTree = "<group>"; };
		2A6BC4F41B58F5FF00401B06 /* tab2@2x.png */ = {isa = PBXFileReference; lastKnownFileType = image.png; path = "tab2@2x.png"; sourceTree = "<group>"; };
		2A6BC4F51B58F5FF00401B06 /* tab2@3x.png */ = {isa = PBXFileReference; lastKnownFileType = image.png; path = "tab2@3x.png"; sourceTree = "<group>"; };
		2A6BC4F61B58F5FF00401B06 /* tab2_unshoot.png */ = {isa = PBXFileReference; lastKnownFileType = image.png; path = tab2_unshoot.png; sourceTree = "<group>"; };
		2A6BC4F71B58F5FF00401B06 /* tab2_unshoot@2x.png */ = {isa = PBXFileReference; lastKnownFileType = image.png; path = "tab2_unshoot@2x.png"; sourceTree = "<group>"; };
		2A6BC4F81B58F5FF00401B06 /* tab2_unshoot@3x.png */ = {isa = PBXFileReference; lastKnownFileType = image.png; path = "tab2_unshoot@3x.png"; sourceTree = "<group>"; };
		2A6BC4F91B58F5FF00401B06 /* tab3.png */ = {isa = PBXFileReference; lastKnownFileType = image.png; path = tab3.png; sourceTree = "<group>"; };
		2A6BC4FA1B58F5FF00401B06 /* tab3@2x.png */ = {isa = PBXFileReference; lastKnownFileType = image.png; path = "tab3@2x.png"; sourceTree = "<group>"; };
		2A6BC4FB1B58F5FF00401B06 /* tab3@3x.png */ = {isa = PBXFileReference; lastKnownFileType = image.png; path = "tab3@3x.png"; sourceTree = "<group>"; };
		2A6BC4FC1B58F5FF00401B06 /* tab3_unshoot.png */ = {isa = PBXFileReference; lastKnownFileType = image.png; path = tab3_unshoot.png; sourceTree = "<group>"; };
		2A6BC4FD1B58F5FF00401B06 /* tab3_unshoot@2x.png */ = {isa = PBXFileReference; lastKnownFileType = image.png; path = "tab3_unshoot@2x.png"; sourceTree = "<group>"; };
		2A6BC4FE1B58F5FF00401B06 /* tab3_unshoot@3x.png */ = {isa = PBXFileReference; lastKnownFileType = image.png; path = "tab3_unshoot@3x.png"; sourceTree = "<group>"; };
		2A6BC4FF1B58F5FF00401B06 /* tab4.png */ = {isa = PBXFileReference; lastKnownFileType = image.png; path = tab4.png; sourceTree = "<group>"; };
		2A6BC5001B58F5FF00401B06 /* tab4@2x.png */ = {isa = PBXFileReference; lastKnownFileType = image.png; path = "tab4@2x.png"; sourceTree = "<group>"; };
		2A6BC5011B58F5FF00401B06 /* tab4@3x.png */ = {isa = PBXFileReference; lastKnownFileType = image.png; path = "tab4@3x.png"; sourceTree = "<group>"; };
		2A6BC5021B58F5FF00401B06 /* tab4_unshoot.png */ = {isa = PBXFileReference; lastKnownFileType = image.png; path = tab4_unshoot.png; sourceTree = "<group>"; };
		2A6BC5031B58F5FF00401B06 /* tab4_unshoot@2x.png */ = {isa = PBXFileReference; lastKnownFileType = image.png; path = "tab4_unshoot@2x.png"; sourceTree = "<group>"; };
		2A6BC5041B58F5FF00401B06 /* tab4_unshoot@3x.png */ = {isa = PBXFileReference; lastKnownFileType = image.png; path = "tab4_unshoot@3x.png"; sourceTree = "<group>"; };
		2A6BC5211B59006B00401B06 /* MLShopViewController.h */ = {isa = PBXFileReference; fileEncoding = 4; lastKnownFileType = sourcecode.c.h; name = MLShopViewController.h; path = MLShop/MLShopViewController.h; sourceTree = "<group>"; };
		2A6BC5221B59006B00401B06 /* MLShopViewController.m */ = {isa = PBXFileReference; fileEncoding = 4; lastKnownFileType = sourcecode.c.objc; name = MLShopViewController.m; path = MLShop/MLShopViewController.m; sourceTree = "<group>"; };
		2A6BC5241B59182F00401B06 /* chatIcon_black.png */ = {isa = PBXFileReference; lastKnownFileType = image.png; path = chatIcon_black.png; sourceTree = "<group>"; };
		2A85DACD1B53F5CD008386B0 /* ColorCloudZoneIOSProjectV1.0.app */ = {isa = PBXFileReference; explicitFileType = wrapper.application; includeInIndex = 0; path = ColorCloudZoneIOSProjectV1.0.app; sourceTree = BUILT_PRODUCTS_DIR; };
		2A85DAD11B53F5CD008386B0 /* Info.plist */ = {isa = PBXFileReference; lastKnownFileType = text.plist.xml; path = Info.plist; sourceTree = "<group>"; };
		2A85DAD21B53F5CD008386B0 /* main.m */ = {isa = PBXFileReference; lastKnownFileType = sourcecode.c.objc; path = main.m; sourceTree = "<group>"; };
		2A85DAD41B53F5CD008386B0 /* AppDelegate.h */ = {isa = PBXFileReference; lastKnownFileType = sourcecode.c.h; path = AppDelegate.h; sourceTree = "<group>"; };
		2A85DAD51B53F5CD008386B0 /* AppDelegate.m */ = {isa = PBXFileReference; lastKnownFileType = sourcecode.c.objc; path = AppDelegate.m; sourceTree = "<group>"; };
		2A85DADB1B53F5CD008386B0 /* Base */ = {isa = PBXFileReference; lastKnownFileType = file.storyboard; name = Base; path = Base.lproj/Main.storyboard; sourceTree = "<group>"; };
		2A85DADD1B53F5CD008386B0 /* Images.xcassets */ = {isa = PBXFileReference; lastKnownFileType = folder.assetcatalog; path = Images.xcassets; sourceTree = "<group>"; };
		2A85DAE01B53F5CD008386B0 /* Base */ = {isa = PBXFileReference; lastKnownFileType = file.xib; name = Base; path = Base.lproj/LaunchScreen.xib; sourceTree = "<group>"; };
		2A85DAE61B53F5CD008386B0 /* ColorCloudZoneIOSProjectV1.0Tests.xctest */ = {isa = PBXFileReference; explicitFileType = wrapper.cfbundle; includeInIndex = 0; path = ColorCloudZoneIOSProjectV1.0Tests.xctest; sourceTree = BUILT_PRODUCTS_DIR; };
		2A85DAEB1B53F5CD008386B0 /* Info.plist */ = {isa = PBXFileReference; lastKnownFileType = text.plist.xml; path = Info.plist; sourceTree = "<group>"; };
		2A85DAEC1B53F5CD008386B0 /* ColorCloudZoneIOSProjectV1_0Tests.m */ = {isa = PBXFileReference; lastKnownFileType = sourcecode.c.objc; path = ColorCloudZoneIOSProjectV1_0Tests.m; sourceTree = "<group>"; };
		2AACC6FB1B7641640065216C /* SelectedColorAndSizeViewController.h */ = {isa = PBXFileReference; fileEncoding = 4; lastKnownFileType = sourcecode.c.h; name = SelectedColorAndSizeViewController.h; path = GoodDetailVC/SelectedColorAndSizeViewController.h; sourceTree = "<group>"; };
		2AACC6FC1B7641640065216C /* SelectedColorAndSizeViewController.m */ = {isa = PBXFileReference; fileEncoding = 4; lastKnownFileType = sourcecode.c.objc; name = SelectedColorAndSizeViewController.m; path = GoodDetailVC/SelectedColorAndSizeViewController.m; sourceTree = "<group>"; };
		2AACC6FD1B7641640065216C /* SelectedColorAndSizeViewController.xib */ = {isa = PBXFileReference; fileEncoding = 4; lastKnownFileType = file.xib; name = SelectedColorAndSizeViewController.xib; path = GoodDetailVC/SelectedColorAndSizeViewController.xib; sourceTree = "<group>"; };
		2AACC7001B7645A70065216C /* arrowUpsideDown@3x.png */ = {isa = PBXFileReference; lastKnownFileType = image.png; path = "arrowUpsideDown@3x.png"; sourceTree = "<group>"; };
		2AACC7021B7645AE0065216C /* arrowUpsideDown@2x.png */ = {isa = PBXFileReference; lastKnownFileType = image.png; path = "arrowUpsideDown@2x.png"; sourceTree = "<group>"; };
		2AACC7041B7645B50065216C /* arrowUpsideDown.png */ = {isa = PBXFileReference; lastKnownFileType = image.png; path = arrowUpsideDown.png; sourceTree = "<group>"; };
		2AACC7061B764F230065216C /* phone.png */ = {isa = PBXFileReference; lastKnownFileType = image.png; path = phone.png; sourceTree = "<group>"; };
		2AACC7081B764F300065216C /* phone@2x.png */ = {isa = PBXFileReference; lastKnownFileType = image.png; path = "phone@2x.png"; sourceTree = "<group>"; };
		2AACC70A1B764F440065216C /* phone@3x.png */ = {isa = PBXFileReference; lastKnownFileType = image.png; path = "phone@3x.png"; sourceTree = "<group>"; };
		2ABBB1141B7250C700DA2A9A /* GoodDetailViewController.h */ = {isa = PBXFileReference; fileEncoding = 4; lastKnownFileType = sourcecode.c.h; name = GoodDetailViewController.h; path = GoodDetailVC/GoodDetailViewController.h; sourceTree = "<group>"; };
		2ABBB1151B7250C700DA2A9A /* GoodDetailViewController.m */ = {isa = PBXFileReference; fileEncoding = 4; lastKnownFileType = sourcecode.c.objc; name = GoodDetailViewController.m; path = GoodDetailVC/GoodDetailViewController.m; sourceTree = "<group>"; };
		2ABFC8E11B5E7737009D64E1 /* MLShopContainViewController.h */ = {isa = PBXFileReference; fileEncoding = 4; lastKnownFileType = sourcecode.c.h; name = MLShopContainViewController.h; path = MLShop/MLShopContainViewController.h; sourceTree = "<group>"; };
		2ABFC8E21B5E7737009D64E1 /* MLShopContainViewController.m */ = {isa = PBXFileReference; fileEncoding = 4; lastKnownFileType = sourcecode.c.objc; name = MLShopContainViewController.m; path = MLShop/MLShopContainViewController.m; sourceTree = "<group>"; };
		2ABFC8E41B5E7744009D64E1 /* CustomSelectionBarView.h */ = {isa = PBXFileReference; fileEncoding = 4; lastKnownFileType = sourcecode.c.h; name = CustomSelectionBarView.h; path = MLShop/CustomClass/CustomSelectionBarView.h; sourceTree = "<group>"; };
		2ABFC8E51B5E7744009D64E1 /* CustomSelectionBarView.m */ = {isa = PBXFileReference; fileEncoding = 4; lastKnownFileType = sourcecode.c.objc; name = CustomSelectionBarView.m; path = MLShop/CustomClass/CustomSelectionBarView.m; sourceTree = "<group>"; };
		2ABFC8E61B5E7744009D64E1 /* CustomSelectionBarView.xib */ = {isa = PBXFileReference; fileEncoding = 4; lastKnownFileType = file.xib; name = CustomSelectionBarView.xib; path = MLShop/CustomClass/CustomSelectionBarView.xib; sourceTree = "<group>"; };
		2ABFC8E71B5E7744009D64E1 /* ShopContentCollectionViewCell.h */ = {isa = PBXFileReference; fileEncoding = 4; lastKnownFileType = sourcecode.c.h; name = ShopContentCollectionViewCell.h; path = MLShop/CustomClass/ShopContentCollectionViewCell.h; sourceTree = "<group>"; };
		2ABFC8E81B5E7744009D64E1 /* ShopContentCollectionViewCell.m */ = {isa = PBXFileReference; fileEncoding = 4; lastKnownFileType = sourcecode.c.objc; name = ShopContentCollectionViewCell.m; path = MLShop/CustomClass/ShopContentCollectionViewCell.m; sourceTree = "<group>"; };
		2ABFC8EE1B5E7AE5009D64E1 /* placeholderForCell.jpg */ = {isa = PBXFileReference; lastKnownFileType = image.jpeg; path = placeholderForCell.jpg; sourceTree = "<group>"; };
		2AD3E8C41B80233500B2264B /* LoginViewController.h */ = {isa = PBXFileReference; fileEncoding = 4; lastKnownFileType = sourcecode.c.h; name = LoginViewController.h; path = LoginVC/LoginViewController.h; sourceTree = "<group>"; };
		2AD3E8C51B80233500B2264B /* LoginViewController.m */ = {isa = PBXFileReference; fileEncoding = 4; lastKnownFileType = sourcecode.c.objc; name = LoginViewController.m; path = LoginVC/LoginViewController.m; sourceTree = "<group>"; };
		2AD3E8C81B80252300B2264B /* ViewWithBorder.h */ = {isa = PBXFileReference; fileEncoding = 4; lastKnownFileType = sourcecode.c.h; path = ViewWithBorder.h; sourceTree = "<group>"; };
		2AD3E8C91B80252300B2264B /* ViewWithBorder.m */ = {isa = PBXFileReference; fileEncoding = 4; lastKnownFileType = sourcecode.c.objc; path = ViewWithBorder.m; sourceTree = "<group>"; };
		2AD3E8CB1B802B5500B2264B /* CompanyProfileViewController.h */ = {isa = PBXFileReference; fileEncoding = 4; lastKnownFileType = sourcecode.c.h; path = CompanyProfileViewController.h; sourceTree = "<group>"; };
		2AD3E8CC1B802B5500B2264B /* CompanyProfileViewController.m */ = {isa = PBXFileReference; fileEncoding = 4; lastKnownFileType = sourcecode.c.objc; path = CompanyProfileViewController.m; sourceTree = "<group>"; };
		2AD3E8CF1B802C4E00B2264B /* pwdIcon@3x.png */ = {isa = PBXFileReference; lastKnownFileType = image.png; path = "pwdIcon@3x.png"; sourceTree = "<group>"; };
		2AD3E8D11B802C5700B2264B /* pwdIcon@2x.png */ = {isa = PBXFileReference; lastKnownFileType = image.png; path = "pwdIcon@2x.png"; sourceTree = "<group>"; };
		2AD3E8D31B802C6100B2264B /* pwdIcon.png */ = {isa = PBXFileReference; lastKnownFileType = image.png; path = pwdIcon.png; sourceTree = "<group>"; };
		2AD3E8D91B80313E00B2264B /* AddMemberShipViewController.h */ = {isa = PBXFileReference; fileEncoding = 4; lastKnownFileType = sourcecode.c.h; path = AddMemberShipViewController.h; sourceTree = "<group>"; };
		2AD3E8DA1B80313E00B2264B /* AddMemberShipViewController.m */ = {isa = PBXFileReference; fileEncoding = 4; lastKnownFileType = sourcecode.c.objc; path = AddMemberShipViewController.m; sourceTree = "<group>"; };
		2AD3E8DC1B80395E00B2264B /* MemerShipViewController.h */ = {isa = PBXFileReference; fileEncoding = 4; lastKnownFileType = sourcecode.c.h; path = MemerShipViewController.h; sourceTree = "<group>"; };
		2AD3E8DD1B80395E00B2264B /* MemerShipViewController.m */ = {isa = PBXFileReference; fileEncoding = 4; lastKnownFileType = sourcecode.c.objc; path = MemerShipViewController.m; sourceTree = "<group>"; };
		2AD3E8E01B803EBC00B2264B /* MemberCommonCollectionViewCell.h */ = {isa = PBXFileReference; fileEncoding = 4; lastKnownFileType = sourcecode.c.h; path = MemberCommonCollectionViewCell.h; sourceTree = "<group>"; };
		2AD3E8E11B803EBC00B2264B /* MemberCommonCollectionViewCell.m */ = {isa = PBXFileReference; fileEncoding = 4; lastKnownFileType = sourcecode.c.objc; path = MemberCommonCollectionViewCell.m; sourceTree = "<group>"; };
		2AD3E8E41B803EED00B2264B /* AddMemberCollectionViewCell.h */ = {isa = PBXFileReference; fileEncoding = 4; lastKnownFileType = sourcecode.c.h; path = AddMemberCollectionViewCell.h; sourceTree = "<group>"; };
		2AD3E8E51B803EED00B2264B /* AddMemberCollectionViewCell.m */ = {isa = PBXFileReference; fileEncoding = 4; lastKnownFileType = sourcecode.c.objc; path = AddMemberCollectionViewCell.m; sourceTree = "<group>"; };
		2AD3E8E71B803F1900B2264B /* add@3x.png */ = {isa = PBXFileReference; lastKnownFileType = image.png; path = "add@3x.png"; sourceTree = "<group>"; };
		2AD3E8E91B803F2300B2264B /* add@2x.png */ = {isa = PBXFileReference; lastKnownFileType = image.png; path = "add@2x.png"; sourceTree = "<group>"; };
		2AD3E8EB1B803F2A00B2264B /* add.png */ = {isa = PBXFileReference; lastKnownFileType = image.png; path = add.png; sourceTree = "<group>"; };
		2ADC6FB81B70EADD003121E9 /* location.png */ = {isa = PBXFileReference; lastKnownFileType = image.png; path = location.png; sourceTree = "<group>"; };
		2ADE536F1B88CA1E00E80AD5 /* ForgetPwdViewController.h */ = {isa = PBXFileReference; fileEncoding = 4; lastKnownFileType = sourcecode.c.h; path = ForgetPwdViewController.h; sourceTree = "<group>"; };
		2ADE53701B88CA1E00E80AD5 /* ForgetPwdViewController.m */ = {isa = PBXFileReference; fileEncoding = 4; lastKnownFileType = sourcecode.c.objc; path = ForgetPwdViewController.m; sourceTree = "<group>"; };
		2ADE537B1B88D76700E80AD5 /* MySettingsTableViewController.h */ = {isa = PBXFileReference; fileEncoding = 4; lastKnownFileType = sourcecode.c.h; path = MySettingsTableViewController.h; sourceTree = "<group>"; };
		2ADE537C1B88D76700E80AD5 /* MySettingsTableViewController.m */ = {isa = PBXFileReference; fileEncoding = 4; lastKnownFileType = sourcecode.c.objc; path = MySettingsTableViewController.m; sourceTree = "<group>"; };
		2ADE537F1B8968F000E80AD5 /* ComSettingsTableViewController.h */ = {isa = PBXFileReference; fileEncoding = 4; lastKnownFileType = sourcecode.c.h; path = ComSettingsTableViewController.h; sourceTree = "<group>"; };
		2ADE53801B8968F000E80AD5 /* ComSettingsTableViewController.m */ = {isa = PBXFileReference; fileEncoding = 4; lastKnownFileType = sourcecode.c.objc; path = ComSettingsTableViewController.m; sourceTree = "<group>"; };
		2ADE53821B8969DA00E80AD5 /* shoppingcart@2x.png */ = {isa = PBXFileReference; lastKnownFileType = image.png; path = "shoppingcart@2x.png"; sourceTree = "<group>"; };
		2ADE53841B8969E300E80AD5 /* folder@2x.png */ = {isa = PBXFileReference; lastKnownFileType = image.png; path = "folder@2x.png"; sourceTree = "<group>"; };
		2ADE53861B8969F100E80AD5 /* shoppingcart@3x.png */ = {isa = PBXFileReference; lastKnownFileType = image.png; path = "shoppingcart@3x.png"; sourceTree = "<group>"; };
		2ADE53881B896A0300E80AD5 /* folder@3x.png */ = {isa = PBXFileReference; lastKnownFileType = image.png; path = "folder@3x.png"; sourceTree = "<group>"; };
		2ADE538A1B896AA300E80AD5 /* MyFolloweeViewController.h */ = {isa = PBXFileReference; fileEncoding = 4; lastKnownFileType = sourcecode.c.h; path = MyFolloweeViewController.h; sourceTree = "<group>"; };
		2ADE538B1B896AA300E80AD5 /* MyFolloweeViewController.m */ = {isa = PBXFileReference; fileEncoding = 4; lastKnownFileType = sourcecode.c.objc; path = MyFolloweeViewController.m; sourceTree = "<group>"; };
		2ADE538E1B896D7C00E80AD5 /* FolloweeTableViewCell.h */ = {isa = PBXFileReference; fileEncoding = 4; lastKnownFileType = sourcecode.c.h; path = FolloweeTableViewCell.h; sourceTree = "<group>"; };
		2ADE538F1B896D7C00E80AD5 /* FolloweeTableViewCell.m */ = {isa = PBXFileReference; fileEncoding = 4; lastKnownFileType = sourcecode.c.objc; path = FolloweeTableViewCell.m; sourceTree = "<group>"; };
		2AFEDEEE1B60CFF100268332 /* heart.png */ = {isa = PBXFileReference; lastKnownFileType = image.png; path = heart.png; sourceTree = "<group>"; };
		2AFEDEF01B60CFFA00268332 /* heart@2x.png */ = {isa = PBXFileReference; lastKnownFileType = image.png; path = "heart@2x.png"; sourceTree = "<group>"; };
		2AFEDEF21B60D00800268332 /* heart@3x.png */ = {isa = PBXFileReference; lastKnownFileType = image.png; path = "heart@3x.png"; sourceTree = "<group>"; };
		3BD9AD331B92D5E10048A0A3 /* RegisterViewController.h */ = {isa = PBXFileReference; fileEncoding = 4; lastKnownFileType = sourcecode.c.h; path = RegisterViewController.h; sourceTree = "<group>"; };
		3BD9AD341B92D5E10048A0A3 /* RegisterViewController.m */ = {isa = PBXFileReference; fileEncoding = 4; lastKnownFileType = sourcecode.c.objc; path = RegisterViewController.m; sourceTree = "<group>"; };
		3BD9AD371B92E2D70048A0A3 /* RegisterAfterViewController.h */ = {isa = PBXFileReference; fileEncoding = 4; lastKnownFileType = sourcecode.c.h; path = RegisterAfterViewController.h; sourceTree = "<group>"; };
		3BD9AD381B92E2D70048A0A3 /* RegisterAfterViewController.m */ = {isa = PBXFileReference; fileEncoding = 4; lastKnownFileType = sourcecode.c.objc; path = RegisterAfterViewController.m; sourceTree = "<group>"; };
		3BD9AD3B1B92EA640048A0A3 /* CALayer+GYBAddtion.h */ = {isa = PBXFileReference; fileEncoding = 4; lastKnownFileType = sourcecode.c.h; path = "CALayer+GYBAddtion.h"; sourceTree = "<group>"; };
		3BD9AD3C1B92EA640048A0A3 /* CALayer+GYBAddtion.m */ = {isa = PBXFileReference; fileEncoding = 4; lastKnownFileType = sourcecode.c.objc; path = "CALayer+GYBAddtion.m"; sourceTree = "<group>"; };
		3BD9AD3E1B92F02C0048A0A3 /* RequestSMSViewController.h */ = {isa = PBXFileReference; fileEncoding = 4; lastKnownFileType = sourcecode.c.h; path = RequestSMSViewController.h; sourceTree = "<group>"; };
		3BD9AD3F1B92F02C0048A0A3 /* RequestSMSViewController.m */ = {isa = PBXFileReference; fileEncoding = 4; lastKnownFileType = sourcecode.c.objc; path = RequestSMSViewController.m; sourceTree = "<group>"; };
		6171E3128D8486A6B1B72696 /* libPods-ColorCloudZoneIOSProjectV1.0.a */ = {isa = PBXFileReference; explicitFileType = archive.ar; includeInIndex = 0; path = "libPods-ColorCloudZoneIOSProjectV1.0.a"; sourceTree = BUILT_PRODUCTS_DIR; };
		E49B1B5A42650622ED1B2A61 /* Pods-ColorCloudZoneIOSProjectV1.0.debug.xcconfig */ = {isa = PBXFileReference; includeInIndex = 1; lastKnownFileType = text.xcconfig; name = "Pods-ColorCloudZoneIOSProjectV1.0.debug.xcconfig"; path = "Pods/Target Support Files/Pods-ColorCloudZoneIOSProjectV1.0/Pods-ColorCloudZoneIOSProjectV1.0.debug.xcconfig"; sourceTree = "<group>"; };
/* End PBXFileReference section */

/* Begin PBXFrameworksBuildPhase section */
		2A85DACA1B53F5CD008386B0 /* Frameworks */ = {
			isa = PBXFrameworksBuildPhase;
			buildActionMask = 2147483647;
			files = (
				92019E41A28FB4A37AE5890A /* libPods-ColorCloudZoneIOSProjectV1.0.a in Frameworks */,
			);
			runOnlyForDeploymentPostprocessing = 0;
		};
		2A85DAE31B53F5CD008386B0 /* Frameworks */ = {
			isa = PBXFrameworksBuildPhase;
			buildActionMask = 2147483647;
			files = (
			);
			runOnlyForDeploymentPostprocessing = 0;
		};
/* End PBXFrameworksBuildPhase section */

/* Begin PBXGroup section */
		011DBDD11BD10CB700B19231 /* Model */ = {
			isa = PBXGroup;
			children = (
			);
			name = Model;
			sourceTree = "<group>";
		};
		011DBDD21BD10E7A00B19231 /* MemberCenterManager */ = {
			isa = PBXGroup;
			children = (
				011DBDD51BD10EEE00B19231 /* MemberCenter.swift */,
			);
			name = MemberCenterManager;
			sourceTree = "<group>";
		};
		014574371BAEA38100EC8CD1 /* Mangers */ = {
			isa = PBXGroup;
			children = (
				011DBDD21BD10E7A00B19231 /* MemberCenterManager */,
				014574391BAEB85A00EC8CD1 /* ColorCloudZoneIOSProjectV1.0-Bridging-Header.h */,
			);
			name = Mangers;
			sourceTree = "<group>";
		};
		014574381BAEA38C00EC8CD1 /* Source */ = {
			isa = PBXGroup;
			children = (
				2A85DACF1B53F5CD008386B0 /* ColorCloudZoneIOSProjectV1.0 */,
			);
			name = Source;
			sourceTree = "<group>";
		};
		016871BF1BB79A6E0060ADAD /* UpLoadVC */ = {
			isa = PBXGroup;
			children = (
				016871C01BB79A970060ADAD /* UpLoadItemsViewController.swift */,
				01BDD5421BC7F4AD0061ACDA /* UpLoadPictureBtnCollectionViewCell.swift */,
				01BDD5441BC7F6100061ACDA /* UpLoadPicCollectionViewCell.swift */,
			);
			name = UpLoadVC;
			sourceTree = "<group>";
		};
		017E5F6C1BD127BB00C55992 /* MarketVC */ = {
			isa = PBXGroup;
			children = (
				017E5F6D1BD1280B00C55992 /* MarketViewController.h */,
				017E5F6E1BD1280B00C55992 /* MarketViewController.m */,
			);
			name = MarketVC;
			sourceTree = "<group>";
		};
		019215931BB6858900D6D324 /* CollectionView */ = {
			isa = PBXGroup;
			children = (
				016871BC1BB795C80060ADAD /* DetailImageCollectionViewController.h */,
				016871BD1BB795C80060ADAD /* DetailImageCollectionViewController.m */,
				019215941BB685E200D6D324 /* RecommendItemsCollectionViewCell.h */,
				019215951BB685E200D6D324 /* RecommendItemsCollectionViewCell.m */,
				019215971BB6860500D6D324 /* MoreItemsCollectionViewCell.h */,
				019215981BB6860500D6D324 /* MoreItemsCollectionViewCell.m */,
			);
			name = CollectionView;
			sourceTree = "<group>";
		};
		215161158651BAC8E5B0089D /* Pods */ = {
			isa = PBXGroup;
			children = (
				E49B1B5A42650622ED1B2A61 /* Pods-ColorCloudZoneIOSProjectV1.0.debug.xcconfig */,
				26C06B7E4B329A7DF1078E2B /* Pods-ColorCloudZoneIOSProjectV1.0.release.xcconfig */,
			);
			name = Pods;
			sourceTree = "<group>";
		};
		2A33B6301B665F0A00535FE4 /* ContanerVC1 */ = {
			isa = PBXGroup;
			children = (
				2ABFC8E11B5E7737009D64E1 /* MLShopContainViewController.h */,
				2ABFC8E21B5E7737009D64E1 /* MLShopContainViewController.m */,
			);
			name = ContanerVC1;
			sourceTree = "<group>";
		};
		2A33B6341B665F4100535FE4 /* ContainerVC2 */ = {
			isa = PBXGroup;
			children = (
				2A33B6351B665F7400535FE4 /* ShopLastTableViewController.h */,
				2A33B6361B665F7400535FE4 /* ShopLastTableViewController.m */,
				2A33B6381B665FA800535FE4 /* ShopListTableViewCell.h */,
				2A33B6391B665FA800535FE4 /* ShopListTableViewCell.m */,
			);
			name = ContainerVC2;
			sourceTree = "<group>";
		};
		2A56CA031B6FAE8300C8E3DC /* PersonProfileVC */ = {
			isa = PBXGroup;
			children = (
				2A56CA001B6FAE7E00C8E3DC /* PersonProfileViewController.h */,
				2A56CA011B6FAE7E00C8E3DC /* PersonProfileViewController.m */,
			);
			name = PersonProfileVC;
			sourceTree = "<group>";
		};
		2A56CA071B6FAEF400C8E3DC /* BaseUI */ = {
			isa = PBXGroup;
			children = (
				3BD9AD3B1B92EA640048A0A3 /* CALayer+GYBAddtion.h */,
				3BD9AD3C1B92EA640048A0A3 /* CALayer+GYBAddtion.m */,
			);
			name = BaseUI;
			sourceTree = "<group>";
		};
		2A6BC4A81B58DB9100401B06 /* Common Class */ = {
			isa = PBXGroup;
			children = (
				2A6BC4B41B58E8D800401B06 /* marcoHeader.h */,
				2A6BC4B31B58DC4800401B06 /* MLTabBar */,
				2A6BC4AC1B58DC0E00401B06 /* MLNavi */,
			);
			name = "Common Class";
			path = ..;
			sourceTree = "<group>";
		};
		2A6BC4AC1B58DC0E00401B06 /* MLNavi */ = {
			isa = PBXGroup;
			children = (
				2A6BC4A91B58DBC600401B06 /* MLNavigationController.h */,
				2A6BC4AA1B58DBC600401B06 /* MLNavigationController.m */,
			);
			name = MLNavi;
			sourceTree = "<group>";
		};
		2A6BC4B31B58DC4800401B06 /* MLTabBar */ = {
			isa = PBXGroup;
			children = (
				2A6BC4B01B58DC3D00401B06 /* MLTabBarViewController.h */,
				2A6BC4B11B58DC3D00401B06 /* MLTabBarViewController.m */,
			);
			name = MLTabBar;
			sourceTree = "<group>";
		};
		2A6BC4EB1B58F5FF00401B06 /* IconImage */ = {
			isa = PBXGroup;
			children = (
				017E5F6A1BD1272700C55992 /* uialq.jpg */,
				2ADE53881B896A0300E80AD5 /* folder@3x.png */,
				2ADE53841B8969E300E80AD5 /* folder@2x.png */,
				2ADE53861B8969F100E80AD5 /* shoppingcart@3x.png */,
				2ADE53821B8969DA00E80AD5 /* shoppingcart@2x.png */,
				2AD3E8EB1B803F2A00B2264B /* add.png */,
				2AD3E8E91B803F2300B2264B /* add@2x.png */,
				2AD3E8E71B803F1900B2264B /* add@3x.png */,
				2AD3E8D31B802C6100B2264B /* pwdIcon.png */,
				2AD3E8D11B802C5700B2264B /* pwdIcon@2x.png */,
				2AD3E8CF1B802C4E00B2264B /* pwdIcon@3x.png */,
				2AACC70A1B764F440065216C /* phone@3x.png */,
				2AACC7081B764F300065216C /* phone@2x.png */,
				2AACC7061B764F230065216C /* phone.png */,
				2AACC7041B7645B50065216C /* arrowUpsideDown.png */,
				2AACC7021B7645AE0065216C /* arrowUpsideDown@2x.png */,
				2AACC7001B7645A70065216C /* arrowUpsideDown@3x.png */,
				2ADC6FB81B70EADD003121E9 /* location.png */,
				2A56CA121B6FB27C00C8E3DC /* home.png */,
				2A56CA101B6FB27400C8E3DC /* home@2x.png */,
				2A56CA0E1B6FB26400C8E3DC /* home@3x.png */,
				2A56CA0C1B6FB0C500C8E3DC /* camera.png */,
				2A56CA0A1B6FB0BE00C8E3DC /* camera@2x.png */,
				2A56CA081B6FB0B600C8E3DC /* camera@3x.png */,
				2AFEDEF01B60CFFA00268332 /* heart@2x.png */,
				2AFEDEEE1B60CFF100268332 /* heart.png */,
				2AFEDEF21B60D00800268332 /* heart@3x.png */,
				2A12CD3D1B5A1F9800A4AC04 /* moreBarIcon_black.png */,
				2A12CD3B1B5A1F7800A4AC04 /* moreBarIcon_black@2x.png */,
				2A12CD391B5A1F5E00A4AC04 /* moreBarIcon_black@3x.png */,
				2A12CD351B5A1F1100A4AC04 /* chatIcon_black@2x.png */,
				2A6BC5241B59182F00401B06 /* chatIcon_black.png */,
				2A12CD371B5A1F2500A4AC04 /* chatIcon_black@3x.png */,
				2ABFC8CB1B5E30F9009D64E1 /* imagePlaceHolder */,
				2A6BC4EC1B58F5FF00401B06 /* TabbarIcon */,
			);
			path = IconImage;
			sourceTree = "<group>";
		};
		2A6BC4EC1B58F5FF00401B06 /* TabbarIcon */ = {
			isa = PBXGroup;
			children = (
				2A6BC4ED1B58F5FF00401B06 /* tab1.png */,
				2A6BC4EE1B58F5FF00401B06 /* tab1@2x.png */,
				2A6BC4EF1B58F5FF00401B06 /* tab1@3x.png */,
				2A6BC4F01B58F5FF00401B06 /* tab1_unshoot.png */,
				2A6BC4F11B58F5FF00401B06 /* tab1_unshoot@2x.png */,
				2A6BC4F21B58F5FF00401B06 /* tab1_unshoot@3x.png */,
				2A6BC4F31B58F5FF00401B06 /* tab2.png */,
				2A6BC4F41B58F5FF00401B06 /* tab2@2x.png */,
				2A6BC4F51B58F5FF00401B06 /* tab2@3x.png */,
				2A6BC4F61B58F5FF00401B06 /* tab2_unshoot.png */,
				2A6BC4F71B58F5FF00401B06 /* tab2_unshoot@2x.png */,
				2A6BC4F81B58F5FF00401B06 /* tab2_unshoot@3x.png */,
				2A6BC4F91B58F5FF00401B06 /* tab3.png */,
				2A6BC4FA1B58F5FF00401B06 /* tab3@2x.png */,
				2A6BC4FB1B58F5FF00401B06 /* tab3@3x.png */,
				2A6BC4FC1B58F5FF00401B06 /* tab3_unshoot.png */,
				2A6BC4FD1B58F5FF00401B06 /* tab3_unshoot@2x.png */,
				2A6BC4FE1B58F5FF00401B06 /* tab3_unshoot@3x.png */,
				2A6BC4FF1B58F5FF00401B06 /* tab4.png */,
				2A6BC5001B58F5FF00401B06 /* tab4@2x.png */,
				2A6BC5011B58F5FF00401B06 /* tab4@3x.png */,
				2A6BC5021B58F5FF00401B06 /* tab4_unshoot.png */,
				2A6BC5031B58F5FF00401B06 /* tab4_unshoot@2x.png */,
				2A6BC5041B58F5FF00401B06 /* tab4_unshoot@3x.png */,
			);
			path = TabbarIcon;
			sourceTree = "<group>";
		};
		2A6BC5201B59003B00401B06 /* MLShopVC */ = {
			isa = PBXGroup;
			children = (
				2A33B6301B665F0A00535FE4 /* ContanerVC1 */,
				2A6BC5211B59006B00401B06 /* MLShopViewController.h */,
				2A6BC5221B59006B00401B06 /* MLShopViewController.m */,
				2ABFC8D11B5E317C009D64E1 /* CustomView */,
				2A33B6341B665F4100535FE4 /* ContainerVC2 */,
			);
			name = MLShopVC;
			sourceTree = "<group>";
		};
		2A85DAC41B53F5CD008386B0 = {
			isa = PBXGroup;
			children = (
				014574381BAEA38C00EC8CD1 /* Source */,
				2A85DAE91B53F5CD008386B0 /* ColorCloudZoneIOSProjectV1.0Tests */,
				2A85DACE1B53F5CD008386B0 /* Products */,
				215161158651BAC8E5B0089D /* Pods */,
				BA618B0CDACB3AC85B0582E2 /* Frameworks */,
			);
			sourceTree = "<group>";
		};
		2A85DACE1B53F5CD008386B0 /* Products */ = {
			isa = PBXGroup;
			children = (
				2A85DACD1B53F5CD008386B0 /* ColorCloudZoneIOSProjectV1.0.app */,
				2A85DAE61B53F5CD008386B0 /* ColorCloudZoneIOSProjectV1.0Tests.xctest */,
			);
			name = Products;
			sourceTree = "<group>";
		};
		2A85DACF1B53F5CD008386B0 /* ColorCloudZoneIOSProjectV1.0 */ = {
			isa = PBXGroup;
			children = (
				2A6BC4A81B58DB9100401B06 /* Common Class */,
				014574371BAEA38100EC8CD1 /* Mangers */,
				2A85DAD01B53F5CD008386B0 /* Supporting Files */,
				2A56CA071B6FAEF400C8E3DC /* BaseUI */,
				2A6BC4EB1B58F5FF00401B06 /* IconImage */,
				011DBDD11BD10CB700B19231 /* Model */,
				2ADE537A1B88CE2600E80AD5 /* UI */,
			);
			path = ColorCloudZoneIOSProjectV1.0;
			sourceTree = "<group>";
		};
		2A85DAD01B53F5CD008386B0 /* Supporting Files */ = {
			isa = PBXGroup;
			children = (
				2AD3E8C81B80252300B2264B /* ViewWithBorder.h */,
				2AD3E8C91B80252300B2264B /* ViewWithBorder.m */,
				2A85DAD41B53F5CD008386B0 /* AppDelegate.h */,
				2A85DAD51B53F5CD008386B0 /* AppDelegate.m */,
				2A85DADD1B53F5CD008386B0 /* Images.xcassets */,
				2A85DADF1B53F5CD008386B0 /* LaunchScreen.xib */,
				2A85DADA1B53F5CD008386B0 /* Main.storyboard */,
				2A85DAD11B53F5CD008386B0 /* Info.plist */,
				2A85DAD21B53F5CD008386B0 /* main.m */,
			);
			name = "Supporting Files";
			sourceTree = "<group>";
		};
		2A85DAE91B53F5CD008386B0 /* ColorCloudZoneIOSProjectV1.0Tests */ = {
			isa = PBXGroup;
			children = (
				2A85DAEC1B53F5CD008386B0 /* ColorCloudZoneIOSProjectV1_0Tests.m */,
				2A85DAEA1B53F5CD008386B0 /* Supporting Files */,
			);
			path = ColorCloudZoneIOSProjectV1.0Tests;
			sourceTree = "<group>";
		};
		2A85DAEA1B53F5CD008386B0 /* Supporting Files */ = {
			isa = PBXGroup;
			children = (
				2A85DAEB1B53F5CD008386B0 /* Info.plist */,
			);
			name = "Supporting Files";
			sourceTree = "<group>";
		};
		2AACC6F51B7640A30065216C /* SubViewClass */ = {
			isa = PBXGroup;
			children = (
				019215931BB6858900D6D324 /* CollectionView */,
				2AACC6FB1B7641640065216C /* SelectedColorAndSizeViewController.h */,
				2AACC6FC1B7641640065216C /* SelectedColorAndSizeViewController.m */,
				2AACC6FD1B7641640065216C /* SelectedColorAndSizeViewController.xib */,
			);
			name = SubViewClass;
			sourceTree = "<group>";
		};
		2ABBB1171B7250D300DA2A9A /* GoodDetailVC */ = {
			isa = PBXGroup;
			children = (
				2AACC6F51B7640A30065216C /* SubViewClass */,
				2ABBB1141B7250C700DA2A9A /* GoodDetailViewController.h */,
				2ABBB1151B7250C700DA2A9A /* GoodDetailViewController.m */,
			);
			name = GoodDetailVC;
			sourceTree = "<group>";
		};
		2ABFC8CB1B5E30F9009D64E1 /* imagePlaceHolder */ = {
			isa = PBXGroup;
			children = (
				2A33B63B1B66639A00535FE4 /* manModel.jpg */,
				2ABFC8EE1B5E7AE5009D64E1 /* placeholderForCell.jpg */,
			);
			name = imagePlaceHolder;
			path = ..;
			sourceTree = "<group>";
		};
		2ABFC8D11B5E317C009D64E1 /* CustomView */ = {
			isa = PBXGroup;
			children = (
				2ABFC8DB1B5E7666009D64E1 /* CustomSelectBar */,
				2ABFC8DA1B5E7655009D64E1 /* ContentVC */,
			);
			name = CustomView;
			sourceTree = "<group>";
		};
		2ABFC8DA1B5E7655009D64E1 /* ContentVC */ = {
			isa = PBXGroup;
			children = (
				2ABFC8E71B5E7744009D64E1 /* ShopContentCollectionViewCell.h */,
				2ABFC8E81B5E7744009D64E1 /* ShopContentCollectionViewCell.m */,
			);
			name = ContentVC;
			sourceTree = "<group>";
		};
		2ABFC8DB1B5E7666009D64E1 /* CustomSelectBar */ = {
			isa = PBXGroup;
			children = (
				2ABFC8E41B5E7744009D64E1 /* CustomSelectionBarView.h */,
				2ABFC8E51B5E7744009D64E1 /* CustomSelectionBarView.m */,
				2ABFC8E61B5E7744009D64E1 /* CustomSelectionBarView.xib */,
			);
			name = CustomSelectBar;
			sourceTree = "<group>";
		};
		2AD3E8C71B80233F00B2264B /* LoginVC */ = {
			isa = PBXGroup;
			children = (
				2AD3E8C41B80233500B2264B /* LoginViewController.h */,
				2AD3E8C51B80233500B2264B /* LoginViewController.m */,
			);
			name = LoginVC;
			sourceTree = "<group>";
		};
		2AD3E8CE1B802B5800B2264B /* CompanyProfileVC */ = {
			isa = PBXGroup;
			children = (
				2AD3E8CB1B802B5500B2264B /* CompanyProfileViewController.h */,
				2AD3E8CC1B802B5500B2264B /* CompanyProfileViewController.m */,
			);
			name = CompanyProfileVC;
			sourceTree = "<group>";
		};
		2AD3E8D81B80311900B2264B /* AddMemberVC */ = {
			isa = PBXGroup;
			children = (
				2AD3E8D91B80313E00B2264B /* AddMemberShipViewController.h */,
				2AD3E8DA1B80313E00B2264B /* AddMemberShipViewController.m */,
			);
			name = AddMemberVC;
			sourceTree = "<group>";
		};
		2AD3E8DF1B80396800B2264B /* MemberShipVC */ = {
			isa = PBXGroup;
			children = (
				2AD3E8DC1B80395E00B2264B /* MemerShipViewController.h */,
				2AD3E8DD1B80395E00B2264B /* MemerShipViewController.m */,
				2AD3E8E01B803EBC00B2264B /* MemberCommonCollectionViewCell.h */,
				2AD3E8E11B803EBC00B2264B /* MemberCommonCollectionViewCell.m */,
				2AD3E8E41B803EED00B2264B /* AddMemberCollectionViewCell.h */,
				2AD3E8E51B803EED00B2264B /* AddMemberCollectionViewCell.m */,
			);
			name = MemberShipVC;
			sourceTree = "<group>";
		};
		2ADE53741B88CA2200E80AD5 /* ForgetPwdVC */ = {
			isa = PBXGroup;
			children = (
				2ADE536F1B88CA1E00E80AD5 /* ForgetPwdViewController.h */,
				2ADE53701B88CA1E00E80AD5 /* ForgetPwdViewController.m */,
			);
			name = ForgetPwdVC;
			sourceTree = "<group>";
		};
		2ADE53781B88CE0800E80AD5 /* MySettingsVC */ = {
			isa = PBXGroup;
			children = (
				2ADE537B1B88D76700E80AD5 /* MySettingsTableViewController.h */,
				2ADE537C1B88D76700E80AD5 /* MySettingsTableViewController.m */,
			);
			name = MySettingsVC;
			sourceTree = "<group>";
		};
		2ADE537A1B88CE2600E80AD5 /* UI */ = {
			isa = PBXGroup;
			children = (
				017E5F6C1BD127BB00C55992 /* MarketVC */,
				016871BF1BB79A6E0060ADAD /* UpLoadVC */,
				2ADE538D1B896AA700E80AD5 /* MyFolloweVC */,
				2ADE537E1B8968D100E80AD5 /* ComSettingsVC */,
				2ABBB1171B7250D300DA2A9A /* GoodDetailVC */,
				2A6BC5201B59003B00401B06 /* MLShopVC */,
				2A56CA031B6FAE8300C8E3DC /* PersonProfileVC */,
				2AD3E8C71B80233F00B2264B /* LoginVC */,
				2AD3E8CE1B802B5800B2264B /* CompanyProfileVC */,
				2AD3E8D81B80311900B2264B /* AddMemberVC */,
				2AD3E8DF1B80396800B2264B /* MemberShipVC */,
				2ADE53741B88CA2200E80AD5 /* ForgetPwdVC */,
				2ADE53781B88CE0800E80AD5 /* MySettingsVC */,
				3BD9AD361B92D5F20048A0A3 /* RegisterVC */,
				3BD9AD3A1B92E2DC0048A0A3 /* RegisterAfterVC */,
				3BD9AD411B92F0310048A0A3 /* RequestSMSVC */,
			);
			name = UI;
			sourceTree = "<group>";
		};
		2ADE537E1B8968D100E80AD5 /* ComSettingsVC */ = {
			isa = PBXGroup;
			children = (
				2ADE537F1B8968F000E80AD5 /* ComSettingsTableViewController.h */,
				2ADE53801B8968F000E80AD5 /* ComSettingsTableViewController.m */,
			);
			name = ComSettingsVC;
			sourceTree = "<group>";
		};
		2ADE538D1B896AA700E80AD5 /* MyFolloweVC */ = {
			isa = PBXGroup;
			children = (
				2ADE538A1B896AA300E80AD5 /* MyFolloweeViewController.h */,
				2ADE538B1B896AA300E80AD5 /* MyFolloweeViewController.m */,
				2ADE538E1B896D7C00E80AD5 /* FolloweeTableViewCell.h */,
				2ADE538F1B896D7C00E80AD5 /* FolloweeTableViewCell.m */,
			);
			name = MyFolloweVC;
			sourceTree = "<group>";
		};
		3BD9AD361B92D5F20048A0A3 /* RegisterVC */ = {
			isa = PBXGroup;
			children = (
				3BD9AD331B92D5E10048A0A3 /* RegisterViewController.h */,
				3BD9AD341B92D5E10048A0A3 /* RegisterViewController.m */,
			);
			name = RegisterVC;
			sourceTree = "<group>";
		};
		3BD9AD3A1B92E2DC0048A0A3 /* RegisterAfterVC */ = {
			isa = PBXGroup;
			children = (
				3BD9AD371B92E2D70048A0A3 /* RegisterAfterViewController.h */,
				3BD9AD381B92E2D70048A0A3 /* RegisterAfterViewController.m */,
			);
			name = RegisterAfterVC;
			sourceTree = "<group>";
		};
		3BD9AD411B92F0310048A0A3 /* RequestSMSVC */ = {
			isa = PBXGroup;
			children = (
				3BD9AD3E1B92F02C0048A0A3 /* RequestSMSViewController.h */,
				3BD9AD3F1B92F02C0048A0A3 /* RequestSMSViewController.m */,
			);
			name = RequestSMSVC;
			sourceTree = "<group>";
		};
		BA618B0CDACB3AC85B0582E2 /* Frameworks */ = {
			isa = PBXGroup;
			children = (
				6171E3128D8486A6B1B72696 /* libPods-ColorCloudZoneIOSProjectV1.0.a */,
			);
			name = Frameworks;
			sourceTree = "<group>";
		};
/* End PBXGroup section */

/* Begin PBXNativeTarget section */
		2A85DACC1B53F5CD008386B0 /* ColorCloudZoneIOSProjectV1.0 */ = {
			isa = PBXNativeTarget;
			buildConfigurationList = 2A85DAF01B53F5CD008386B0 /* Build configuration list for PBXNativeTarget "ColorCloudZoneIOSProjectV1.0" */;
			buildPhases = (
				8E0D8510B5C4B6A4856AAA6F /* Check Pods Manifest.lock */,
				2A85DAC91B53F5CD008386B0 /* Sources */,
				2A85DACA1B53F5CD008386B0 /* Frameworks */,
				2A85DACB1B53F5CD008386B0 /* Resources */,
				OBJCLEANCUSTOMRUNSCRIPTT /* Objective-Clean Run Script */,
				432A2ABBFDF76FAC433A6731 /* Copy Pods Resources */,
			);
			buildRules = (
			);
			dependencies = (
			);
			name = ColorCloudZoneIOSProjectV1.0;
			productName = ColorCloudZoneIOSProjectV1.0;
			productReference = 2A85DACD1B53F5CD008386B0 /* ColorCloudZoneIOSProjectV1.0.app */;
			productType = "com.apple.product-type.application";
		};
		2A85DAE51B53F5CD008386B0 /* ColorCloudZoneIOSProjectV1.0Tests */ = {
			isa = PBXNativeTarget;
			buildConfigurationList = 2A85DAF31B53F5CD008386B0 /* Build configuration list for PBXNativeTarget "ColorCloudZoneIOSProjectV1.0Tests" */;
			buildPhases = (
				2A85DAE21B53F5CD008386B0 /* Sources */,
				2A85DAE31B53F5CD008386B0 /* Frameworks */,
				2A85DAE41B53F5CD008386B0 /* Resources */,
			);
			buildRules = (
			);
			dependencies = (
				2A85DAE81B53F5CD008386B0 /* PBXTargetDependency */,
			);
			name = ColorCloudZoneIOSProjectV1.0Tests;
			productName = ColorCloudZoneIOSProjectV1.0Tests;
			productReference = 2A85DAE61B53F5CD008386B0 /* ColorCloudZoneIOSProjectV1.0Tests.xctest */;
			productType = "com.apple.product-type.bundle.unit-test";
		};
/* End PBXNativeTarget section */

/* Begin PBXProject section */
		2A85DAC51B53F5CD008386B0 /* Project object */ = {
			isa = PBXProject;
			attributes = {
				LastSwiftUpdateCheck = 0700;
				LastUpgradeCheck = 0640;
				ORGANIZATIONNAME = SHS;
				TargetAttributes = {
					2A85DACC1B53F5CD008386B0 = {
						CreatedOnToolsVersion = 6.4;
						DevelopmentTeam = 7946C3CJS9;
					};
					2A85DAE51B53F5CD008386B0 = {
						CreatedOnToolsVersion = 6.4;
						TestTargetID = 2A85DACC1B53F5CD008386B0;
					};
				};
			};
			buildConfigurationList = 2A85DAC81B53F5CD008386B0 /* Build configuration list for PBXProject "ColorCloudZoneIOSProjectV1.0" */;
			compatibilityVersion = "Xcode 3.2";
			developmentRegion = English;
			hasScannedForEncodings = 0;
			knownRegions = (
				en,
				Base,
			);
			mainGroup = 2A85DAC41B53F5CD008386B0;
			productRefGroup = 2A85DACE1B53F5CD008386B0 /* Products */;
			projectDirPath = "";
			projectRoot = "";
			targets = (
				2A85DACC1B53F5CD008386B0 /* ColorCloudZoneIOSProjectV1.0 */,
				2A85DAE51B53F5CD008386B0 /* ColorCloudZoneIOSProjectV1.0Tests */,
			);
		};
/* End PBXProject section */

/* Begin PBXResourcesBuildPhase section */
		2A85DACB1B53F5CD008386B0 /* Resources */ = {
			isa = PBXResourcesBuildPhase;
			buildActionMask = 2147483647;
			files = (
				2ADE53891B896A0300E80AD5 /* folder@3x.png in Resources */,
				2AACC6FF1B7641640065216C /* SelectedColorAndSizeViewController.xib in Resources */,
				2AACC7011B7645A70065216C /* arrowUpsideDown@3x.png in Resources */,
				2AD3E8D41B802C6100B2264B /* pwdIcon.png in Resources */,
				2A12CD3A1B5A1F5E00A4AC04 /* moreBarIcon_black@3x.png in Resources */,
				2AACC7051B7645B50065216C /* arrowUpsideDown.png in Resources */,
				2A12CD361B5A1F1100A4AC04 /* chatIcon_black@2x.png in Resources */,
				2AD3E8E81B803F1900B2264B /* add@3x.png in Resources */,
				2A56CA0F1B6FB26400C8E3DC /* home@3x.png in Resources */,
				2A12CD3C1B5A1F7800A4AC04 /* moreBarIcon_black@2x.png in Resources */,
				2AACC7091B764F300065216C /* phone@2x.png in Resources */,
				2A85DADC1B53F5CD008386B0 /* Main.storyboard in Resources */,
				2A6BC5151B58F5FF00401B06 /* tab3_unshoot@2x.png in Resources */,
				2A6BC5171B58F5FF00401B06 /* tab4.png in Resources */,
				2A56CA091B6FB0B600C8E3DC /* camera@3x.png in Resources */,
				2A6BC5121B58F5FF00401B06 /* tab3@2x.png in Resources */,
				2AFEDEEF1B60CFF100268332 /* heart.png in Resources */,
				2A12CD3E1B5A1F9800A4AC04 /* moreBarIcon_black.png in Resources */,
				2A56CA0B1B6FB0BE00C8E3DC /* camera@2x.png in Resources */,
				2A85DAE11B53F5CD008386B0 /* LaunchScreen.xib in Resources */,
				017E5F6B1BD1272700C55992 /* uialq.jpg in Resources */,
				2A6BC50A1B58F5FF00401B06 /* tab1_unshoot@3x.png in Resources */,
				2A6BC5101B58F5FF00401B06 /* tab2_unshoot@3x.png in Resources */,
				2ADC6FB91B70EADD003121E9 /* location.png in Resources */,
				2AD3E8EC1B803F2A00B2264B /* add.png in Resources */,
				2A6BC5061B58F5FF00401B06 /* tab1@2x.png in Resources */,
				2A6BC51A1B58F5FF00401B06 /* tab4_unshoot.png in Resources */,
				2AFEDEF31B60D00800268332 /* heart@3x.png in Resources */,
				2A6BC5111B58F5FF00401B06 /* tab3.png in Resources */,
				2A6BC51C1B58F5FF00401B06 /* tab4_unshoot@3x.png in Resources */,
				2A6BC50E1B58F5FF00401B06 /* tab2_unshoot.png in Resources */,
				2A6BC5141B58F5FF00401B06 /* tab3_unshoot.png in Resources */,
				2A6BC5071B58F5FF00401B06 /* tab1@3x.png in Resources */,
				2ABFC8EF1B5E7AE5009D64E1 /* placeholderForCell.jpg in Resources */,
				2A56CA0D1B6FB0C500C8E3DC /* camera.png in Resources */,
				2AD3E8EA1B803F2300B2264B /* add@2x.png in Resources */,
				2ABFC8EB1B5E7744009D64E1 /* CustomSelectionBarView.xib in Resources */,
				2A85DADE1B53F5CD008386B0 /* Images.xcassets in Resources */,
				2AD3E8D21B802C5700B2264B /* pwdIcon@2x.png in Resources */,
				2A12CD381B5A1F2500A4AC04 /* chatIcon_black@3x.png in Resources */,
				2A6BC50D1B58F5FF00401B06 /* tab2@3x.png in Resources */,
				2A6BC5131B58F5FF00401B06 /* tab3@3x.png in Resources */,
				2A6BC5161B58F5FF00401B06 /* tab3_unshoot@3x.png in Resources */,
				2AACC7071B764F230065216C /* phone.png in Resources */,
				2ADE53831B8969DA00E80AD5 /* shoppingcart@2x.png in Resources */,
				2A6BC5251B59182F00401B06 /* chatIcon_black.png in Resources */,
				2A6BC50B1B58F5FF00401B06 /* tab2.png in Resources */,
				2A6BC5181B58F5FF00401B06 /* tab4@2x.png in Resources */,
				2ADE53851B8969E300E80AD5 /* folder@2x.png in Resources */,
				2ADE53871B8969F100E80AD5 /* shoppingcart@3x.png in Resources */,
				2A56CA111B6FB27400C8E3DC /* home@2x.png in Resources */,
				2A6BC5051B58F5FF00401B06 /* tab1.png in Resources */,
				2A33B63C1B66639A00535FE4 /* manModel.jpg in Resources */,
				2A6BC51B1B58F5FF00401B06 /* tab4_unshoot@2x.png in Resources */,
				2A6BC50F1B58F5FF00401B06 /* tab2_unshoot@2x.png in Resources */,
				2A6BC5191B58F5FF00401B06 /* tab4@3x.png in Resources */,
				2A6BC50C1B58F5FF00401B06 /* tab2@2x.png in Resources */,
				2A56CA131B6FB27C00C8E3DC /* home.png in Resources */,
				2AD3E8D01B802C4E00B2264B /* pwdIcon@3x.png in Resources */,
				2AACC7031B7645AE0065216C /* arrowUpsideDown@2x.png in Resources */,
				2A6BC5081B58F5FF00401B06 /* tab1_unshoot.png in Resources */,
				2A6BC5091B58F5FF00401B06 /* tab1_unshoot@2x.png in Resources */,
				2AACC70B1B764F440065216C /* phone@3x.png in Resources */,
				2AFEDEF11B60CFFA00268332 /* heart@2x.png in Resources */,
			);
			runOnlyForDeploymentPostprocessing = 0;
		};
		2A85DAE41B53F5CD008386B0 /* Resources */ = {
			isa = PBXResourcesBuildPhase;
			buildActionMask = 2147483647;
			files = (
			);
			runOnlyForDeploymentPostprocessing = 0;
		};
/* End PBXResourcesBuildPhase section */

/* Begin PBXShellScriptBuildPhase section */
		432A2ABBFDF76FAC433A6731 /* Copy Pods Resources */ = {
			isa = PBXShellScriptBuildPhase;
			buildActionMask = 2147483647;
			files = (
			);
			inputPaths = (
			);
			name = "Copy Pods Resources";
			outputPaths = (
			);
			runOnlyForDeploymentPostprocessing = 0;
			shellPath = /bin/sh;
			shellScript = "\"${SRCROOT}/Pods/Target Support Files/Pods-ColorCloudZoneIOSProjectV1.0/Pods-ColorCloudZoneIOSProjectV1.0-resources.sh\"\n";
			showEnvVarsInLog = 0;
		};
		8E0D8510B5C4B6A4856AAA6F /* Check Pods Manifest.lock */ = {
			isa = PBXShellScriptBuildPhase;
			buildActionMask = 2147483647;
			files = (
			);
			inputPaths = (
			);
			name = "Check Pods Manifest.lock";
			outputPaths = (
			);
			runOnlyForDeploymentPostprocessing = 0;
			shellPath = /bin/sh;
			shellScript = "diff \"${PODS_ROOT}/../Podfile.lock\" \"${PODS_ROOT}/Manifest.lock\" > /dev/null\nif [[ $? != 0 ]] ; then\n    cat << EOM\nerror: The sandbox is not in sync with the Podfile.lock. Run 'pod install' or update your CocoaPods installation.\nEOM\n    exit 1\nfi\n";
		};
		OBJCLEANCUSTOMRUNSCRIPTT /* Objective-Clean Run Script */ = {
			isa = PBXShellScriptBuildPhase;
			buildActionMask = 2147483647;
			files = (
			);
			inputPaths = (
			);
			name = "Objective-Clean Run Script";
			outputPaths = (
			);
			runOnlyForDeploymentPostprocessing = 0;
			shellPath = /bin/bash;
			shellScript = "if [[ -z ${SKIP_OBJCLEAN} || ${SKIP_OBJCLEAN} != 1 ]]; then\nif [[ -d \"${LOCAL_APPS_DIR}/Objective-Clean.app\" ]]; then \n\"${LOCAL_APPS_DIR}\"/Objective-Clean.app/Contents/Resources/ObjClean.app/Contents/MacOS/ObjClean \"${SRCROOT}\" \nelse\necho \"warning: You have to install and set up Objective-Clean to use its features!\" \nfi\nfi";
		};
/* End PBXShellScriptBuildPhase section */

/* Begin PBXSourcesBuildPhase section */
		2A85DAC91B53F5CD008386B0 /* Sources */ = {
			isa = PBXSourcesBuildPhase;
			buildActionMask = 2147483647;
			files = (
				017E5F6F1BD1280B00C55992 /* MarketViewController.m in Sources */,
				2AD3E8CD1B802B5500B2264B /* CompanyProfileViewController.m in Sources */,
				016871BE1BB795C80060ADAD /* DetailImageCollectionViewController.m in Sources */,
				2AD3E8DE1B80395E00B2264B /* MemerShipViewController.m in Sources */,
				2A6BC4AB1B58DBC600401B06 /* MLNavigationController.m in Sources */,
				2AD3E8E21B803EBC00B2264B /* MemberCommonCollectionViewCell.m in Sources */,
				3BD9AD401B92F02C0048A0A3 /* RequestSMSViewController.m in Sources */,
				2AD3E8E61B803EED00B2264B /* AddMemberCollectionViewCell.m in Sources */,
				2A6BC5231B59006B00401B06 /* MLShopViewController.m in Sources */,
				2ADE537D1B88D76700E80AD5 /* MySettingsTableViewController.m in Sources */,
				2ADE538C1B896AA300E80AD5 /* MyFolloweeViewController.m in Sources */,
				2ABFC8EA1B5E7744009D64E1 /* CustomSelectionBarView.m in Sources */,
				019215961BB685E200D6D324 /* RecommendItemsCollectionViewCell.m in Sources */,
				01BDD5451BC7F6100061ACDA /* UpLoadPicCollectionViewCell.swift in Sources */,
				3BD9AD351B92D5E10048A0A3 /* RegisterViewController.m in Sources */,
				011DBDD61BD10EEE00B19231 /* MemberCenter.swift in Sources */,
				3BD9AD391B92E2D70048A0A3 /* RegisterAfterViewController.m in Sources */,
				019215991BB6860500D6D324 /* MoreItemsCollectionViewCell.m in Sources */,
				2ADE53901B896D7C00E80AD5 /* FolloweeTableViewCell.m in Sources */,
				3BD9AD3D1B92EA640048A0A3 /* CALayer+GYBAddtion.m in Sources */,
				2A56CA021B6FAE7E00C8E3DC /* PersonProfileViewController.m in Sources */,
				2A85DAD61B53F5CD008386B0 /* AppDelegate.m in Sources */,
				2ADE53721B88CA1E00E80AD5 /* ForgetPwdViewController.m in Sources */,
				016871C11BB79A970060ADAD /* UpLoadItemsViewController.swift in Sources */,
				01BDD5431BC7F4AD0061ACDA /* UpLoadPictureBtnCollectionViewCell.swift in Sources */,
				2ABFC8EC1B5E7744009D64E1 /* ShopContentCollectionViewCell.m in Sources */,
				2A85DAD31B53F5CD008386B0 /* main.m in Sources */,
				2ABFC8E31B5E7737009D64E1 /* MLShopContainViewController.m in Sources */,
				2A6BC4B21B58DC3D00401B06 /* MLTabBarViewController.m in Sources */,
				2AD3E8CA1B80252300B2264B /* ViewWithBorder.m in Sources */,
				2AACC6FE1B7641640065216C /* SelectedColorAndSizeViewController.m in Sources */,
				2AD3E8DB1B80313E00B2264B /* AddMemberShipViewController.m in Sources */,
				2ADE53811B8968F000E80AD5 /* ComSettingsTableViewController.m in Sources */,
				2A33B6371B665F7400535FE4 /* ShopLastTableViewController.m in Sources */,
				2ABBB1161B7250C700DA2A9A /* GoodDetailViewController.m in Sources */,
				2A33B63A1B665FA800535FE4 /* ShopListTableViewCell.m in Sources */,
				2AD3E8C61B80233500B2264B /* LoginViewController.m in Sources */,
			);
			runOnlyForDeploymentPostprocessing = 0;
		};
		2A85DAE21B53F5CD008386B0 /* Sources */ = {
			isa = PBXSourcesBuildPhase;
			buildActionMask = 2147483647;
			files = (
				2A85DAED1B53F5CD008386B0 /* ColorCloudZoneIOSProjectV1_0Tests.m in Sources */,
			);
			runOnlyForDeploymentPostprocessing = 0;
		};
/* End PBXSourcesBuildPhase section */

/* Begin PBXTargetDependency section */
		2A85DAE81B53F5CD008386B0 /* PBXTargetDependency */ = {
			isa = PBXTargetDependency;
			target = 2A85DACC1B53F5CD008386B0 /* ColorCloudZoneIOSProjectV1.0 */;
			targetProxy = 2A85DAE71B53F5CD008386B0 /* PBXContainerItemProxy */;
		};
/* End PBXTargetDependency section */

/* Begin PBXVariantGroup section */
		2A85DADA1B53F5CD008386B0 /* Main.storyboard */ = {
			isa = PBXVariantGroup;
			children = (
				2A85DADB1B53F5CD008386B0 /* Base */,
			);
			name = Main.storyboard;
			sourceTree = "<group>";
		};
		2A85DADF1B53F5CD008386B0 /* LaunchScreen.xib */ = {
			isa = PBXVariantGroup;
			children = (
				2A85DAE01B53F5CD008386B0 /* Base */,
			);
			name = LaunchScreen.xib;
			sourceTree = "<group>";
		};
/* End PBXVariantGroup section */

/* Begin XCBuildConfiguration section */
		2A85DAEE1B53F5CD008386B0 /* Debug */ = {
			isa = XCBuildConfiguration;
			buildSettings = {
				ALWAYS_SEARCH_USER_PATHS = NO;
				CLANG_CXX_LANGUAGE_STANDARD = "gnu++0x";
				CLANG_CXX_LIBRARY = "libc++";
				CLANG_ENABLE_MODULES = YES;
				CLANG_ENABLE_OBJC_ARC = YES;
				CLANG_WARN_BOOL_CONVERSION = YES;
				CLANG_WARN_CONSTANT_CONVERSION = YES;
				CLANG_WARN_DIRECT_OBJC_ISA_USAGE = YES_ERROR;
				CLANG_WARN_EMPTY_BODY = YES;
				CLANG_WARN_ENUM_CONVERSION = YES;
				CLANG_WARN_INT_CONVERSION = YES;
				CLANG_WARN_OBJC_ROOT_CLASS = YES_ERROR;
				CLANG_WARN_UNREACHABLE_CODE = YES;
				CLANG_WARN__DUPLICATE_METHOD_MATCH = YES;
				"CODE_SIGN_IDENTITY[sdk=iphoneos*]" = "iPhone Developer";
				COPY_PHASE_STRIP = NO;
				DEBUG_INFORMATION_FORMAT = "dwarf-with-dsym";
				ENABLE_STRICT_OBJC_MSGSEND = YES;
				GCC_C_LANGUAGE_STANDARD = gnu99;
				GCC_DYNAMIC_NO_PIC = NO;
				GCC_NO_COMMON_BLOCKS = YES;
				GCC_OPTIMIZATION_LEVEL = 0;
				GCC_PREPROCESSOR_DEFINITIONS = (
					"DEBUG=1",
					"$(inherited)",
				);
				GCC_SYMBOLS_PRIVATE_EXTERN = NO;
				GCC_WARN_64_TO_32_BIT_CONVERSION = YES;
				GCC_WARN_ABOUT_RETURN_TYPE = YES_ERROR;
				GCC_WARN_UNDECLARED_SELECTOR = YES;
				GCC_WARN_UNINITIALIZED_AUTOS = YES_AGGRESSIVE;
				GCC_WARN_UNUSED_FUNCTION = YES;
				GCC_WARN_UNUSED_VARIABLE = YES;
				IPHONEOS_DEPLOYMENT_TARGET = 8.4;
				MTL_ENABLE_DEBUG_INFO = YES;
				ONLY_ACTIVE_ARCH = YES;
				SDKROOT = iphoneos;
				TARGETED_DEVICE_FAMILY = "1,2";
			};
			name = Debug;
		};
		2A85DAEF1B53F5CD008386B0 /* Release */ = {
			isa = XCBuildConfiguration;
			buildSettings = {
				ALWAYS_SEARCH_USER_PATHS = NO;
				CLANG_CXX_LANGUAGE_STANDARD = "gnu++0x";
				CLANG_CXX_LIBRARY = "libc++";
				CLANG_ENABLE_MODULES = YES;
				CLANG_ENABLE_OBJC_ARC = YES;
				CLANG_WARN_BOOL_CONVERSION = YES;
				CLANG_WARN_CONSTANT_CONVERSION = YES;
				CLANG_WARN_DIRECT_OBJC_ISA_USAGE = YES_ERROR;
				CLANG_WARN_EMPTY_BODY = YES;
				CLANG_WARN_ENUM_CONVERSION = YES;
				CLANG_WARN_INT_CONVERSION = YES;
				CLANG_WARN_OBJC_ROOT_CLASS = YES_ERROR;
				CLANG_WARN_UNREACHABLE_CODE = YES;
				CLANG_WARN__DUPLICATE_METHOD_MATCH = YES;
				"CODE_SIGN_IDENTITY[sdk=iphoneos*]" = "iPhone Developer";
				COPY_PHASE_STRIP = NO;
				DEBUG_INFORMATION_FORMAT = "dwarf-with-dsym";
				ENABLE_NS_ASSERTIONS = NO;
				ENABLE_STRICT_OBJC_MSGSEND = YES;
				GCC_C_LANGUAGE_STANDARD = gnu99;
				GCC_NO_COMMON_BLOCKS = YES;
				GCC_WARN_64_TO_32_BIT_CONVERSION = YES;
				GCC_WARN_ABOUT_RETURN_TYPE = YES_ERROR;
				GCC_WARN_UNDECLARED_SELECTOR = YES;
				GCC_WARN_UNINITIALIZED_AUTOS = YES_AGGRESSIVE;
				GCC_WARN_UNUSED_FUNCTION = YES;
				GCC_WARN_UNUSED_VARIABLE = YES;
				IPHONEOS_DEPLOYMENT_TARGET = 8.4;
				MTL_ENABLE_DEBUG_INFO = NO;
				SDKROOT = iphoneos;
				TARGETED_DEVICE_FAMILY = "1,2";
				VALIDATE_PRODUCT = YES;
			};
			name = Release;
		};
		2A85DAF11B53F5CD008386B0 /* Debug */ = {
			isa = XCBuildConfiguration;
			baseConfigurationReference = E49B1B5A42650622ED1B2A61 /* Pods-ColorCloudZoneIOSProjectV1.0.debug.xcconfig */;
			buildSettings = {
				ASSETCATALOG_COMPILER_APPICON_NAME = AppIcon;
				CLANG_ENABLE_MODULES = YES;
				CODE_SIGN_IDENTITY = "iPhone Developer";
				INFOPLIST_FILE = ColorCloudZoneIOSProjectV1.0/Info.plist;
				IPHONEOS_DEPLOYMENT_TARGET = 7.0;
				LD_RUNPATH_SEARCH_PATHS = "$(inherited) @executable_path/Frameworks";
				PRODUCT_MODULE_NAME = ColorCloudZone;
				PRODUCT_NAME = "$(TARGET_NAME)";
				SWIFT_OBJC_BRIDGING_HEADER = "ColorCloudZoneIOSProjectV1.0/ColorCloudZoneIOSProjectV1.0-Bridging-Header.h";
				SWIFT_OPTIMIZATION_LEVEL = "-Onone";
				TARGETED_DEVICE_FAMILY = 1;
			};
			name = Debug;
		};
		2A85DAF21B53F5CD008386B0 /* Release */ = {
			isa = XCBuildConfiguration;
			baseConfigurationReference = 26C06B7E4B329A7DF1078E2B /* Pods-ColorCloudZoneIOSProjectV1.0.release.xcconfig */;
			buildSettings = {
				ASSETCATALOG_COMPILER_APPICON_NAME = AppIcon;
				CLANG_ENABLE_MODULES = YES;
				CODE_SIGN_IDENTITY = "iPhone Developer";
				INFOPLIST_FILE = ColorCloudZoneIOSProjectV1.0/Info.plist;
				IPHONEOS_DEPLOYMENT_TARGET = 7.0;
				LD_RUNPATH_SEARCH_PATHS = "$(inherited) @executable_path/Frameworks";
				PRODUCT_MODULE_NAME = ColorCloudZone;
				PRODUCT_NAME = "$(TARGET_NAME)";
				SWIFT_OBJC_BRIDGING_HEADER = "ColorCloudZoneIOSProjectV1.0/ColorCloudZoneIOSProjectV1.0-Bridging-Header.h";
				TARGETED_DEVICE_FAMILY = 1;
			};
			name = Release;
		};
		2A85DAF41B53F5CD008386B0 /* Debug */ = {
			isa = XCBuildConfiguration;
			buildSettings = {
				BUNDLE_LOADER = "$(TEST_HOST)";
				FRAMEWORK_SEARCH_PATHS = (
					"$(SDKROOT)/Developer/Library/Frameworks",
					"$(inherited)",
				);
				GCC_PREPROCESSOR_DEFINITIONS = (
					"DEBUG=1",
					"$(inherited)",
				);
				INFOPLIST_FILE = ColorCloudZoneIOSProjectV1.0Tests/Info.plist;
				LD_RUNPATH_SEARCH_PATHS = "$(inherited) @executable_path/Frameworks @loader_path/Frameworks";
				PRODUCT_NAME = "$(TARGET_NAME)";
				TEST_HOST = "$(BUILT_PRODUCTS_DIR)/ColorCloudZoneIOSProjectV1.0.app/ColorCloudZoneIOSProjectV1.0";
			};
			name = Debug;
		};
		2A85DAF51B53F5CD008386B0 /* Release */ = {
			isa = XCBuildConfiguration;
			buildSettings = {
				BUNDLE_LOADER = "$(TEST_HOST)";
				FRAMEWORK_SEARCH_PATHS = (
					"$(SDKROOT)/Developer/Library/Frameworks",
					"$(inherited)",
				);
				INFOPLIST_FILE = ColorCloudZoneIOSProjectV1.0Tests/Info.plist;
				LD_RUNPATH_SEARCH_PATHS = "$(inherited) @executable_path/Frameworks @loader_path/Frameworks";
				PRODUCT_NAME = "$(TARGET_NAME)";
				TEST_HOST = "$(BUILT_PRODUCTS_DIR)/ColorCloudZoneIOSProjectV1.0.app/ColorCloudZoneIOSProjectV1.0";
			};
			name = Release;
		};
/* End XCBuildConfiguration section */

/* Begin XCConfigurationList section */
		2A85DAC81B53F5CD008386B0 /* Build configuration list for PBXProject "ColorCloudZoneIOSProjectV1.0" */ = {
			isa = XCConfigurationList;
			buildConfigurations = (
				2A85DAEE1B53F5CD008386B0 /* Debug */,
				2A85DAEF1B53F5CD008386B0 /* Release */,
			);
			defaultConfigurationIsVisible = 0;
			defaultConfigurationName = Release;
		};
		2A85DAF01B53F5CD008386B0 /* Build configuration list for PBXNativeTarget "ColorCloudZoneIOSProjectV1.0" */ = {
			isa = XCConfigurationList;
			buildConfigurations = (
				2A85DAF11B53F5CD008386B0 /* Debug */,
				2A85DAF21B53F5CD008386B0 /* Release */,
			);
			defaultConfigurationIsVisible = 0;
			defaultConfigurationName = Release;
		};
		2A85DAF31B53F5CD008386B0 /* Build configuration list for PBXNativeTarget "ColorCloudZoneIOSProjectV1.0Tests" */ = {
			isa = XCConfigurationList;
			buildConfigurations = (
				2A85DAF41B53F5CD008386B0 /* Debug */,
				2A85DAF51B53F5CD008386B0 /* Release */,
			);
			defaultConfigurationIsVisible = 0;
			defaultConfigurationName = Release;
		};
/* End XCConfigurationList section */
	};
	rootObject = 2A85DAC51B53F5CD008386B0 /* Project object */;
}
